{
  "version": 4,
  "terraform_version": "1.11.3",
  "serial": 148,
  "lineage": "34dff62f-02b0-6624-2763-53fb942f28b2",
  "outputs": {
    "bastion_public_ip": {
      "value": "44.211.72.250",
      "type": "string"
    },
    "private_instance_private_ip": {
      "value": "10.0.21.84",
      "type": "string"
    }
  },
  "resources": [
    {
      "mode": "managed",
      "type": "aws_eip",
      "name": "region1_nat_eip",
      "provider": "provider[\"registry.terraform.io/hashicorp/aws\"].tfg-test-account1-region1",
      "instances": [
        {
          "schema_version": 0,
          "attributes": {
            "address": null,
            "allocation_id": "eipalloc-0ed84ad3e7ceecc54",
            "arn": "arn:aws:ec2:us-east-1:900720408661:elastic-ip/eipalloc-0ed84ad3e7ceecc54",
            "associate_with_private_ip": null,
            "association_id": "eipassoc-039c8ea06dfca4b95",
            "carrier_ip": "",
            "customer_owned_ip": "",
            "customer_owned_ipv4_pool": "",
            "domain": "vpc",
            "id": "eipalloc-0ed84ad3e7ceecc54",
            "instance": "",
            "ipam_pool_id": null,
            "network_border_group": "us-east-1",
            "network_interface": "eni-0ee320cb1750ce3b8",
            "private_dns": "ip-10-0-17-118.ec2.internal",
            "private_ip": "10.0.17.118",
            "ptr_record": "",
            "public_dns": "ec2-54-174-50-125.compute-1.amazonaws.com",
            "public_ip": "54.174.50.125",
            "public_ipv4_pool": "amazon",
            "tags": {
              "Environment": "Test",
              "Name": "TFG-Test-Account1-NAT-EIP-Region1"
            },
            "tags_all": {
              "Environment": "Test",
              "Name": "TFG-Test-Account1-NAT-EIP-Region1"
            },
            "timeouts": null,
            "vpc": true
          },
          "sensitive_attributes": [],
          "private": "eyJlMmJmYjczMC1lY2FhLTExZTYtOGY4OC0zNDM2M2JjN2M0YzAiOnsiZGVsZXRlIjoxODAwMDAwMDAwMDAsInJlYWQiOjkwMDAwMDAwMDAwMCwidXBkYXRlIjozMDAwMDAwMDAwMDB9fQ=="
        }
      ]
    },
    {
      "mode": "managed",
      "type": "aws_eip",
      "name": "region2_nat_eip",
      "provider": "provider[\"registry.terraform.io/hashicorp/aws\"].tfg-test-account1-region2",
      "instances": [
        {
          "schema_version": 0,
          "attributes": {
            "address": null,
            "allocation_id": "eipalloc-0958ff8384ec2794a",
            "arn": "arn:aws:ec2:us-east-2:900720408661:elastic-ip/eipalloc-0958ff8384ec2794a",
            "associate_with_private_ip": null,
            "association_id": "eipassoc-0a44a8292f2dc1b0f",
            "carrier_ip": "",
            "customer_owned_ip": "",
            "customer_owned_ipv4_pool": "",
            "domain": "vpc",
            "id": "eipalloc-0958ff8384ec2794a",
            "instance": "",
            "ipam_pool_id": null,
            "network_border_group": "us-east-2",
            "network_interface": "eni-09a64702136d796f7",
            "private_dns": "ip-10-1-17-42.us-east-2.compute.internal",
            "private_ip": "10.1.17.42",
            "ptr_record": "",
            "public_dns": "ec2-18-222-247-90.us-east-2.compute.amazonaws.com",
            "public_ip": "18.222.247.90",
            "public_ipv4_pool": "amazon",
            "tags": {
              "Environment": "Test",
              "Name": "TFG-Test-Account1-NAT-EIP-Region2"
            },
            "tags_all": {
              "Environment": "Test",
              "Name": "TFG-Test-Account1-NAT-EIP-Region2"
            },
            "timeouts": null,
            "vpc": true
          },
          "sensitive_attributes": [],
          "private": "eyJlMmJmYjczMC1lY2FhLTExZTYtOGY4OC0zNDM2M2JjN2M0YzAiOnsiZGVsZXRlIjoxODAwMDAwMDAwMDAsInJlYWQiOjkwMDAwMDAwMDAwMCwidXBkYXRlIjozMDAwMDAwMDAwMDB9fQ=="
        }
      ]
    },
    {
      "mode": "managed",
      "type": "aws_instance",
      "name": "bastion",
      "provider": "provider[\"registry.terraform.io/hashicorp/aws\"].tfg-test-account1-region1",
      "instances": [
        {
          "schema_version": 1,
          "attributes": {
            "ami": "ami-0e1c5d8c23330dee3",
            "arn": "arn:aws:ec2:us-east-1:900720408661:instance/i-0e1289a896bcc47bd",
            "associate_public_ip_address": true,
            "availability_zone": "us-east-1a",
            "capacity_reservation_specification": [
              {
                "capacity_reservation_preference": "open",
                "capacity_reservation_target": []
              }
            ],
            "cpu_core_count": 1,
            "cpu_options": [
              {
                "amd_sev_snp": "",
                "core_count": 1,
                "threads_per_core": 1
              }
            ],
            "cpu_threads_per_core": 1,
            "credit_specification": [
              {
                "cpu_credits": "standard"
              }
            ],
            "disable_api_stop": false,
            "disable_api_termination": false,
            "ebs_block_device": [],
            "ebs_optimized": false,
            "enable_primary_ipv6": null,
            "enclave_options": [
              {
                "enabled": false
              }
            ],
            "ephemeral_block_device": [],
            "get_password_data": false,
            "hibernation": false,
            "host_id": "",
            "host_resource_group_arn": null,
            "iam_instance_profile": "",
            "id": "i-0e1289a896bcc47bd",
            "instance_initiated_shutdown_behavior": "stop",
            "instance_lifecycle": "",
            "instance_market_options": [],
            "instance_state": "running",
            "instance_type": "t2.micro",
            "ipv6_address_count": 0,
            "ipv6_addresses": [],
            "key_name": "tfg-test-key",
            "launch_template": [],
            "maintenance_options": [
              {
                "auto_recovery": "default"
              }
            ],
            "metadata_options": [
              {
                "http_endpoint": "enabled",
                "http_protocol_ipv6": "disabled",
                "http_put_response_hop_limit": 1,
                "http_tokens": "optional",
                "instance_metadata_tags": "disabled"
              }
            ],
            "monitoring": false,
            "network_interface": [],
            "outpost_arn": "",
            "password_data": "",
            "placement_group": "",
            "placement_partition_number": 0,
            "primary_network_interface_id": "eni-0f01f477b0e649a58",
            "private_dns": "ip-10-0-17-250.ec2.internal",
            "private_dns_name_options": [
              {
                "enable_resource_name_dns_a_record": false,
                "enable_resource_name_dns_aaaa_record": false,
                "hostname_type": "ip-name"
              }
            ],
            "private_ip": "10.0.17.250",
            "public_dns": "ec2-44-211-72-250.compute-1.amazonaws.com",
            "public_ip": "44.211.72.250",
            "root_block_device": [
              {
                "delete_on_termination": true,
                "device_name": "/dev/xvda",
                "encrypted": false,
                "iops": 100,
                "kms_key_id": "",
                "tags": {},
                "tags_all": {},
                "throughput": 0,
                "volume_id": "vol-0f6ac2272fc4ec303",
                "volume_size": 8,
                "volume_type": "gp2"
              }
            ],
            "secondary_private_ips": [],
            "security_groups": [],
            "source_dest_check": true,
            "spot_instance_request_id": "",
            "subnet_id": "subnet-08deb4f9ef2086484",
            "tags": {
              "Environment": "Test",
              "Name": "TFG-Test-Bastion"
            },
            "tags_all": {
              "Environment": "Test",
              "Name": "TFG-Test-Bastion"
            },
            "tenancy": "default",
            "timeouts": null,
            "user_data": null,
            "user_data_base64": null,
            "user_data_replace_on_change": false,
            "volume_tags": null,
            "vpc_security_group_ids": [
              "sg-0e04d168f896898c2"
            ]
          },
          "sensitive_attributes": [],
          "private": "eyJlMmJmYjczMC1lY2FhLTExZTYtOGY4OC0zNDM2M2JjN2M0YzAiOnsiY3JlYXRlIjo2MDAwMDAwMDAwMDAsImRlbGV0ZSI6MTIwMDAwMDAwMDAwMCwicmVhZCI6OTAwMDAwMDAwMDAwLCJ1cGRhdGUiOjYwMDAwMDAwMDAwMH0sInNjaGVtYV92ZXJzaW9uIjoiMSJ9",
          "dependencies": [
            "aws_key_pair.generated_key",
            "aws_security_group.bastion_sg",
            "aws_subnet.region1_public_subnet1",
            "aws_vpc.region1_vpc",
            "tls_private_key.ssh_key"
          ]
        }
      ]
    },
    {
      "mode": "managed",
      "type": "aws_instance",
      "name": "private",
      "provider": "provider[\"registry.terraform.io/hashicorp/aws\"].tfg-test-account1-region1",
      "instances": [
        {
          "schema_version": 1,
          "attributes": {
            "ami": "ami-0e1c5d8c23330dee3",
            "arn": "arn:aws:ec2:us-east-1:900720408661:instance/i-01236566442960429",
            "associate_public_ip_address": false,
            "availability_zone": "us-east-1c",
            "capacity_reservation_specification": [
              {
                "capacity_reservation_preference": "open",
                "capacity_reservation_target": []
              }
            ],
            "cpu_core_count": 1,
            "cpu_options": [
              {
                "amd_sev_snp": "",
                "core_count": 1,
                "threads_per_core": 1
              }
            ],
            "cpu_threads_per_core": 1,
            "credit_specification": [
              {
                "cpu_credits": "standard"
              }
            ],
            "disable_api_stop": false,
            "disable_api_termination": false,
            "ebs_block_device": [],
            "ebs_optimized": false,
            "enable_primary_ipv6": null,
            "enclave_options": [
              {
                "enabled": false
              }
            ],
            "ephemeral_block_device": [],
            "get_password_data": false,
            "hibernation": false,
            "host_id": "",
            "host_resource_group_arn": null,
            "iam_instance_profile": "",
            "id": "i-01236566442960429",
            "instance_initiated_shutdown_behavior": "stop",
            "instance_lifecycle": "",
            "instance_market_options": [],
            "instance_state": "running",
            "instance_type": "t2.micro",
            "ipv6_address_count": 0,
            "ipv6_addresses": [],
            "key_name": "tfg-test-key",
            "launch_template": [],
            "maintenance_options": [
              {
                "auto_recovery": "default"
              }
            ],
            "metadata_options": [
              {
                "http_endpoint": "enabled",
                "http_protocol_ipv6": "disabled",
                "http_put_response_hop_limit": 1,
                "http_tokens": "optional",
                "instance_metadata_tags": "disabled"
              }
            ],
            "monitoring": false,
            "network_interface": [],
            "outpost_arn": "",
            "password_data": "",
            "placement_group": "",
            "placement_partition_number": 0,
            "primary_network_interface_id": "eni-0618b5cb522b13659",
            "private_dns": "ip-10-0-21-84.ec2.internal",
            "private_dns_name_options": [
              {
                "enable_resource_name_dns_a_record": false,
                "enable_resource_name_dns_aaaa_record": false,
                "hostname_type": "ip-name"
              }
            ],
            "private_ip": "10.0.21.84",
            "public_dns": "",
            "public_ip": "",
            "root_block_device": [
              {
                "delete_on_termination": true,
                "device_name": "/dev/xvda",
                "encrypted": false,
                "iops": 100,
                "kms_key_id": "",
                "tags": {},
                "tags_all": {},
                "throughput": 0,
                "volume_id": "vol-02a4bfbf5d7ab9ac6",
                "volume_size": 8,
                "volume_type": "gp2"
              }
            ],
            "secondary_private_ips": [],
            "security_groups": [],
            "source_dest_check": true,
            "spot_instance_request_id": "",
            "subnet_id": "subnet-0634108e62f8274f7",
            "tags": {
              "Environment": "Test",
              "Name": "TFG-Test-Private"
            },
            "tags_all": {
              "Environment": "Test",
              "Name": "TFG-Test-Private"
            },
            "tenancy": "default",
            "timeouts": null,
            "user_data": null,
            "user_data_base64": null,
            "user_data_replace_on_change": false,
            "volume_tags": null,
            "vpc_security_group_ids": [
              "sg-0231d2dd69ff3469a"
            ]
          },
          "sensitive_attributes": [],
          "private": "eyJlMmJmYjczMC1lY2FhLTExZTYtOGY4OC0zNDM2M2JjN2M0YzAiOnsiY3JlYXRlIjo2MDAwMDAwMDAwMDAsImRlbGV0ZSI6MTIwMDAwMDAwMDAwMCwicmVhZCI6OTAwMDAwMDAwMDAwLCJ1cGRhdGUiOjYwMDAwMDAwMDAwMH0sInNjaGVtYV92ZXJzaW9uIjoiMSJ9",
          "dependencies": [
            "aws_key_pair.generated_key",
            "aws_security_group.private_sg",
            "aws_subnet.region1_private_subnet1",
            "aws_vpc.region1_vpc",
            "tls_private_key.ssh_key"
          ]
        }
      ]
    },
    {
      "mode": "managed",
      "type": "aws_internet_gateway",
      "name": "region1_igw",
      "provider": "provider[\"registry.terraform.io/hashicorp/aws\"].tfg-test-account1-region1",
      "instances": [
        {
          "schema_version": 0,
          "attributes": {
            "arn": "arn:aws:ec2:us-east-1:900720408661:internet-gateway/igw-061f629ab021e8aa2",
            "id": "igw-061f629ab021e8aa2",
            "owner_id": "900720408661",
            "tags": {
              "Environment": "Test",
              "Name": "TFG-Test-Account1-IGW-Region1"
            },
            "tags_all": {
              "Environment": "Test",
              "Name": "TFG-Test-Account1-IGW-Region1"
            },
            "timeouts": null,
            "vpc_id": "vpc-07615547ba2be2646"
          },
          "sensitive_attributes": [],
          "private": "eyJlMmJmYjczMC1lY2FhLTExZTYtOGY4OC0zNDM2M2JjN2M0YzAiOnsiY3JlYXRlIjoxMjAwMDAwMDAwMDAwLCJkZWxldGUiOjEyMDAwMDAwMDAwMDAsInVwZGF0ZSI6MTIwMDAwMDAwMDAwMH19",
          "dependencies": [
            "aws_vpc.region1_vpc"
          ]
        }
      ]
    },
    {
      "mode": "managed",
      "type": "aws_internet_gateway",
      "name": "region2_igw",
      "provider": "provider[\"registry.terraform.io/hashicorp/aws\"].tfg-test-account1-region2",
      "instances": [
        {
          "schema_version": 0,
          "attributes": {
            "arn": "arn:aws:ec2:us-east-2:900720408661:internet-gateway/igw-015837043b4f287d1",
            "id": "igw-015837043b4f287d1",
            "owner_id": "900720408661",
            "tags": {
              "Environment": "Test",
              "Name": "TFG-Test-Account1-IGW-Region2"
            },
            "tags_all": {
              "Environment": "Test",
              "Name": "TFG-Test-Account1-IGW-Region2"
            },
            "timeouts": null,
            "vpc_id": "vpc-0e976833c1b234ae1"
          },
          "sensitive_attributes": [],
          "private": "eyJlMmJmYjczMC1lY2FhLTExZTYtOGY4OC0zNDM2M2JjN2M0YzAiOnsiY3JlYXRlIjoxMjAwMDAwMDAwMDAwLCJkZWxldGUiOjEyMDAwMDAwMDAwMDAsInVwZGF0ZSI6MTIwMDAwMDAwMDAwMH19",
          "dependencies": [
            "aws_vpc.region2_vpc"
          ]
        }
      ]
    },
    {
      "mode": "managed",
      "type": "aws_key_pair",
      "name": "generated_key",
      "provider": "provider[\"registry.terraform.io/hashicorp/aws\"].tfg-test-account1-region1",
      "instances": [
        {
          "schema_version": 1,
          "attributes": {
            "arn": "arn:aws:ec2:us-east-1:900720408661:key-pair/tfg-test-key",
            "fingerprint": "75:94:2e:e9:2a:8b:0b:e6:b9:bf:06:57:59:42:da:2e",
            "id": "tfg-test-key",
            "key_name": "tfg-test-key",
            "key_name_prefix": "",
            "key_pair_id": "key-06be09f64cd5a12b2",
            "key_type": "rsa",
            "public_key": "ssh-rsa AAAAB3NzaC1yc2EAAAADAQABAAACAQChil4xWay4NhT/9adS7cZwl2K/kVdnpOIUrGG546uN6Ws6d2ZtF1GN18fnx7CBG5HpkdxRv7/AhLKMGxoyaHol19KOPpvzc8xhvXJkWGCfgnzDidfy6Bo6JqF1F/ELL2PzkoMR/pP3EZxaIIEsLeSRJc0xuck1Z4BaYm/OCg9YLzU+hUJTdiHEjCe+gygt7L4oG03DWp0/tdMVmikU0Eqe6TPtbMC4Bvtsx+I7oAq1g6GSIP8VXhFaERpUrKb6oTdA1K50Lsy5LFMSASqjUk6Y4z2N9J9gx4BfXlMPL22wsiMabVnFseIhRSDz6/88LqJgi/Lh51oaE2vIgqG71OZZe7FL8Opxpqu7y/9NWWnP3KNP48sJahuW9nl0Fo1Laeh5wvdc9RfluBHR89Bp7NPpfPC7fQ/oojAGvtGuq2Z8VZ4Ra1wo9qxElMt4U3JBw73eJstzc2AKe4DjI4w4YCj88eOb5LtMj8YYmnUo6aLLt0aPV5mC+WktGi4rnPx0pRscvQ0Lwy2NMPyLnga/pPuyUcqokzQ4spJA/gYMDOJ1Pp/u10C3HuGpmLAu+3PJRkkNUqbpC0MiW85HVlhNr7wrR7Lg4++2tX+ykTcYC4FtQuWNiS+PpZUj/tC7+jbN8zv5fK5ksTsBjOICBJWBv+zXb/hL88Ywmg+6ULEsIM23RQ==",
            "tags": {},
            "tags_all": {}
          },
          "sensitive_attributes": [],
          "private": "eyJzY2hlbWFfdmVyc2lvbiI6IjEifQ==",
          "dependencies": [
            "tls_private_key.ssh_key"
          ]
        }
      ]
    },
    {
      "mode": "managed",
      "type": "aws_nat_gateway",
      "name": "region1_nat",
      "provider": "provider[\"registry.terraform.io/hashicorp/aws\"].tfg-test-account1-region1",
      "instances": [
        {
          "schema_version": 0,
          "attributes": {
            "allocation_id": "eipalloc-0ed84ad3e7ceecc54",
            "association_id": "eipassoc-039c8ea06dfca4b95",
            "connectivity_type": "public",
            "id": "nat-0f1b05e21a16bdb1f",
            "network_interface_id": "eni-0ee320cb1750ce3b8",
            "private_ip": "10.0.17.118",
            "public_ip": "54.174.50.125",
            "secondary_allocation_ids": [],
            "secondary_private_ip_address_count": 0,
            "secondary_private_ip_addresses": [],
            "subnet_id": "subnet-08deb4f9ef2086484",
            "tags": {
              "Environment": "Test",
              "Name": "TFG-Test-Account1-NAT-Region1"
            },
            "tags_all": {
              "Environment": "Test",
              "Name": "TFG-Test-Account1-NAT-Region1"
            },
            "timeouts": null
          },
          "sensitive_attributes": [],
          "private": "eyJlMmJmYjczMC1lY2FhLTExZTYtOGY4OC0zNDM2M2JjN2M0YzAiOnsiY3JlYXRlIjo2MDAwMDAwMDAwMDAsImRlbGV0ZSI6MTgwMDAwMDAwMDAwMCwidXBkYXRlIjo2MDAwMDAwMDAwMDB9fQ==",
          "dependencies": [
            "aws_eip.region1_nat_eip",
            "aws_internet_gateway.region1_igw",
            "aws_subnet.region1_public_subnet1",
            "aws_vpc.region1_vpc"
          ]
        }
      ]
    },
    {
      "mode": "managed",
      "type": "aws_nat_gateway",
      "name": "region2_nat",
      "provider": "provider[\"registry.terraform.io/hashicorp/aws\"].tfg-test-account1-region2",
      "instances": [
        {
          "schema_version": 0,
          "attributes": {
            "allocation_id": "eipalloc-0958ff8384ec2794a",
            "association_id": "eipassoc-0a44a8292f2dc1b0f",
            "connectivity_type": "public",
            "id": "nat-0afc758c658792043",
            "network_interface_id": "eni-09a64702136d796f7",
            "private_ip": "10.1.17.42",
            "public_ip": "18.222.247.90",
            "secondary_allocation_ids": [],
            "secondary_private_ip_address_count": 0,
            "secondary_private_ip_addresses": [],
            "subnet_id": "subnet-0c65481309fec885c",
            "tags": {
              "Environment": "Test",
              "Name": "TFG-Test-Account1-NAT-Region2"
            },
            "tags_all": {
              "Environment": "Test",
              "Name": "TFG-Test-Account1-NAT-Region2"
            },
            "timeouts": null
          },
          "sensitive_attributes": [],
          "private": "eyJlMmJmYjczMC1lY2FhLTExZTYtOGY4OC0zNDM2M2JjN2M0YzAiOnsiY3JlYXRlIjo2MDAwMDAwMDAwMDAsImRlbGV0ZSI6MTgwMDAwMDAwMDAwMCwidXBkYXRlIjo2MDAwMDAwMDAwMDB9fQ==",
          "dependencies": [
            "aws_eip.region2_nat_eip",
            "aws_internet_gateway.region2_igw",
            "aws_subnet.region2_public_subnet1",
            "aws_vpc.region2_vpc"
          ]
        }
      ]
    },
    {
      "mode": "managed",
      "type": "aws_organizations_account",
      "name": "tfg-test-account1",
      "provider": "provider[\"registry.terraform.io/hashicorp/aws\"]",
      "instances": [
        {
          "schema_version": 0,
          "attributes": {
            "arn": "arn:aws:organizations::641067676382:account/o-k13qzgodhp/900720408661",
            "close_on_deletion": false,
            "create_govcloud": false,
            "email": "mek9760-2025-tfgtest4@gmail.com",
            "govcloud_id": "",
            "iam_user_access_to_billing": null,
            "id": "900720408661",
            "joined_method": "CREATED",
            "joined_timestamp": "2025-04-08T19:16:34Z",
            "name": "TFG-Test-Account 1",
            "parent_id": "ou-vbtt-6zy2trsn",
            "role_name": "OrganizationAccountAccessRole",
            "status": "ACTIVE",
            "tags": {},
            "tags_all": {},
            "timeouts": null
          },
          "sensitive_attributes": [],
          "private": "eyJlMmJmYjczMC1lY2FhLTExZTYtOGY4OC0zNDM2M2JjN2M0YzAiOnsiY3JlYXRlIjo2MDAwMDAwMDAwMDAsImRlbGV0ZSI6NjAwMDAwMDAwMDAwfX0=",
          "dependencies": [
            "aws_organizations_organizational_unit.tfg-sandbox_ou"
          ]
        }
      ]
    },
    {
      "mode": "managed",
      "type": "aws_organizations_organizational_unit",
      "name": "tfg-sandbox_ou",
      "provider": "provider[\"registry.terraform.io/hashicorp/aws\"]",
      "instances": [
        {
          "schema_version": 0,
          "attributes": {
            "accounts": [
              {
                "arn": "arn:aws:organizations::641067676382:account/o-k13qzgodhp/900720408661",
                "email": "mek9760-2025-tfgtest4@gmail.com",
                "id": "900720408661",
                "name": "TFG-Test-Account 1"
              }
            ],
            "arn": "arn:aws:organizations::641067676382:ou/o-k13qzgodhp/ou-vbtt-6zy2trsn",
            "id": "ou-vbtt-6zy2trsn",
            "name": "TFG Sandbox OU",
            "parent_id": "r-vbtt",
            "tags": {},
            "tags_all": {}
          },
          "sensitive_attributes": [],
          "private": "bnVsbA=="
        }
      ]
    },
    {
      "mode": "managed",
      "type": "aws_ram_principal_association",
      "name": "ipam_account_principal",
      "provider": "provider[\"registry.terraform.io/hashicorp/aws\"].delegated_account",
      "instances": [
        {
          "schema_version": 0,
          "attributes": {
            "id": "arn:aws:ram:us-east-1:628789204422:resource-share/f9758b09-e20a-4db6-9314-5112d7d9a099,900720408661",
            "principal": "900720408661",
            "resource_share_arn": "arn:aws:ram:us-east-1:628789204422:resource-share/f9758b09-e20a-4db6-9314-5112d7d9a099"
          },
          "sensitive_attributes": [],
          "private": "bnVsbA==",
          "dependencies": [
            "aws_organizations_account.tfg-test-account1",
            "aws_organizations_organizational_unit.tfg-sandbox_ou",
            "aws_ram_resource_share.ipam_share",
            "time_sleep.wait_for_account_ready"
          ]
        }
      ]
    },
    {
      "mode": "managed",
      "type": "aws_ram_resource_association",
      "name": "ipam_region1_nonprod_association",
      "provider": "provider[\"registry.terraform.io/hashicorp/aws\"].delegated_account",
      "instances": [
        {
          "schema_version": 0,
          "attributes": {
            "id": "arn:aws:ram:us-east-1:628789204422:resource-share/f9758b09-e20a-4db6-9314-5112d7d9a099,arn:aws:ec2::628789204422:ipam-pool/ipam-pool-0a92df82cc3e1f8cf",
            "resource_arn": "arn:aws:ec2::628789204422:ipam-pool/ipam-pool-0a92df82cc3e1f8cf",
            "resource_share_arn": "arn:aws:ram:us-east-1:628789204422:resource-share/f9758b09-e20a-4db6-9314-5112d7d9a099"
          },
          "sensitive_attributes": [],
          "private": "bnVsbA==",
          "dependencies": [
            "aws_ram_resource_share.ipam_share",
            "aws_vpc_ipam.main_ipam",
            "aws_vpc_ipam_pool.region1",
            "aws_vpc_ipam_pool.region1_nonprod",
            "aws_vpc_ipam_scope.private_scope"
          ]
        }
      ]
    },
    {
      "mode": "managed",
      "type": "aws_ram_resource_association",
      "name": "ipam_region1_nonprod_subnet1_association",
      "provider": "provider[\"registry.terraform.io/hashicorp/aws\"].delegated_account",
      "instances": [
        {
          "schema_version": 0,
          "attributes": {
            "id": "arn:aws:ram:us-east-1:628789204422:resource-share/f9758b09-e20a-4db6-9314-5112d7d9a099,arn:aws:ec2::628789204422:ipam-pool/ipam-pool-0e457f747cb6b4f87",
            "resource_arn": "arn:aws:ec2::628789204422:ipam-pool/ipam-pool-0e457f747cb6b4f87",
            "resource_share_arn": "arn:aws:ram:us-east-1:628789204422:resource-share/f9758b09-e20a-4db6-9314-5112d7d9a099"
          },
          "sensitive_attributes": [],
          "private": "bnVsbA==",
          "dependencies": [
            "aws_ram_resource_share.ipam_share",
            "aws_vpc_ipam.main_ipam",
            "aws_vpc_ipam_pool.region1",
            "aws_vpc_ipam_pool.region1_nonprod",
            "aws_vpc_ipam_pool.region1_nonprod_subnet1",
            "aws_vpc_ipam_scope.private_scope"
          ]
        }
      ]
    },
    {
      "mode": "managed",
      "type": "aws_ram_resource_association",
      "name": "ipam_region1_nonprod_subnet2_association",
      "provider": "provider[\"registry.terraform.io/hashicorp/aws\"].delegated_account",
      "instances": [
        {
          "schema_version": 0,
          "attributes": {
            "id": "arn:aws:ram:us-east-1:628789204422:resource-share/f9758b09-e20a-4db6-9314-5112d7d9a099,arn:aws:ec2::628789204422:ipam-pool/ipam-pool-06f0218ddd30fa8bf",
            "resource_arn": "arn:aws:ec2::628789204422:ipam-pool/ipam-pool-06f0218ddd30fa8bf",
            "resource_share_arn": "arn:aws:ram:us-east-1:628789204422:resource-share/f9758b09-e20a-4db6-9314-5112d7d9a099"
          },
          "sensitive_attributes": [],
          "private": "bnVsbA==",
          "dependencies": [
            "aws_ram_resource_share.ipam_share",
            "aws_vpc_ipam.main_ipam",
            "aws_vpc_ipam_pool.region1",
            "aws_vpc_ipam_pool.region1_nonprod",
            "aws_vpc_ipam_pool.region1_nonprod_subnet2",
            "aws_vpc_ipam_scope.private_scope"
          ]
        }
      ]
    },
    {
      "mode": "managed",
      "type": "aws_ram_resource_association",
      "name": "ipam_region1_pool_association",
      "provider": "provider[\"registry.terraform.io/hashicorp/aws\"].delegated_account",
      "instances": [
        {
          "schema_version": 0,
          "attributes": {
            "id": "arn:aws:ram:us-east-1:628789204422:resource-share/f9758b09-e20a-4db6-9314-5112d7d9a099,arn:aws:ec2::628789204422:ipam-pool/ipam-pool-0c73fc7683c398187",
            "resource_arn": "arn:aws:ec2::628789204422:ipam-pool/ipam-pool-0c73fc7683c398187",
            "resource_share_arn": "arn:aws:ram:us-east-1:628789204422:resource-share/f9758b09-e20a-4db6-9314-5112d7d9a099"
          },
          "sensitive_attributes": [],
          "private": "bnVsbA==",
          "dependencies": [
            "aws_ram_resource_share.ipam_share",
            "aws_vpc_ipam.main_ipam",
            "aws_vpc_ipam_pool.region1",
            "aws_vpc_ipam_scope.private_scope"
          ]
        }
      ]
    },
    {
      "mode": "managed",
      "type": "aws_ram_resource_association",
      "name": "ipam_region1_prod_association",
      "provider": "provider[\"registry.terraform.io/hashicorp/aws\"].delegated_account",
      "instances": [
        {
          "schema_version": 0,
          "attributes": {
            "id": "arn:aws:ram:us-east-1:628789204422:resource-share/f9758b09-e20a-4db6-9314-5112d7d9a099,arn:aws:ec2::628789204422:ipam-pool/ipam-pool-08f6531d08d2924a4",
            "resource_arn": "arn:aws:ec2::628789204422:ipam-pool/ipam-pool-08f6531d08d2924a4",
            "resource_share_arn": "arn:aws:ram:us-east-1:628789204422:resource-share/f9758b09-e20a-4db6-9314-5112d7d9a099"
          },
          "sensitive_attributes": [],
          "private": "bnVsbA==",
          "dependencies": [
            "aws_ram_resource_share.ipam_share",
            "aws_vpc_ipam.main_ipam",
            "aws_vpc_ipam_pool.region1",
            "aws_vpc_ipam_pool.region1_prod",
            "aws_vpc_ipam_scope.private_scope"
          ]
        }
      ]
    },
    {
      "mode": "managed",
      "type": "aws_ram_resource_association",
      "name": "ipam_region1_prod_subnet1_association",
      "provider": "provider[\"registry.terraform.io/hashicorp/aws\"].delegated_account",
      "instances": [
        {
          "schema_version": 0,
          "attributes": {
            "id": "arn:aws:ram:us-east-1:628789204422:resource-share/f9758b09-e20a-4db6-9314-5112d7d9a099,arn:aws:ec2::628789204422:ipam-pool/ipam-pool-09426af118bdbde22",
            "resource_arn": "arn:aws:ec2::628789204422:ipam-pool/ipam-pool-09426af118bdbde22",
            "resource_share_arn": "arn:aws:ram:us-east-1:628789204422:resource-share/f9758b09-e20a-4db6-9314-5112d7d9a099"
          },
          "sensitive_attributes": [],
          "private": "bnVsbA==",
          "dependencies": [
            "aws_ram_resource_share.ipam_share",
            "aws_vpc_ipam.main_ipam",
            "aws_vpc_ipam_pool.region1",
            "aws_vpc_ipam_pool.region1_prod",
            "aws_vpc_ipam_pool.region1_prod_subnet1",
            "aws_vpc_ipam_scope.private_scope"
          ]
        }
      ]
    },
    {
      "mode": "managed",
      "type": "aws_ram_resource_association",
      "name": "ipam_region1_prod_subnet2_association",
      "provider": "provider[\"registry.terraform.io/hashicorp/aws\"].delegated_account",
      "instances": [
        {
          "schema_version": 0,
          "attributes": {
            "id": "arn:aws:ram:us-east-1:628789204422:resource-share/f9758b09-e20a-4db6-9314-5112d7d9a099,arn:aws:ec2::628789204422:ipam-pool/ipam-pool-048780e45f8762807",
            "resource_arn": "arn:aws:ec2::628789204422:ipam-pool/ipam-pool-048780e45f8762807",
            "resource_share_arn": "arn:aws:ram:us-east-1:628789204422:resource-share/f9758b09-e20a-4db6-9314-5112d7d9a099"
          },
          "sensitive_attributes": [],
          "private": "bnVsbA==",
          "dependencies": [
            "aws_ram_resource_share.ipam_share",
            "aws_vpc_ipam.main_ipam",
            "aws_vpc_ipam_pool.region1",
            "aws_vpc_ipam_pool.region1_prod",
            "aws_vpc_ipam_pool.region1_prod_subnet2",
            "aws_vpc_ipam_scope.private_scope"
          ]
        }
      ]
    },
    {
      "mode": "managed",
      "type": "aws_ram_resource_association",
      "name": "ipam_region2_nonprod_association",
      "provider": "provider[\"registry.terraform.io/hashicorp/aws\"].delegated_account",
      "instances": [
        {
          "schema_version": 0,
          "attributes": {
            "id": "arn:aws:ram:us-east-1:628789204422:resource-share/f9758b09-e20a-4db6-9314-5112d7d9a099,arn:aws:ec2::628789204422:ipam-pool/ipam-pool-0a36f55727babcd93",
            "resource_arn": "arn:aws:ec2::628789204422:ipam-pool/ipam-pool-0a36f55727babcd93",
            "resource_share_arn": "arn:aws:ram:us-east-1:628789204422:resource-share/f9758b09-e20a-4db6-9314-5112d7d9a099"
          },
          "sensitive_attributes": [],
          "private": "bnVsbA==",
          "dependencies": [
            "aws_ram_resource_share.ipam_share",
            "aws_vpc_ipam.main_ipam",
            "aws_vpc_ipam_pool.region2",
            "aws_vpc_ipam_pool.region2_nonprod",
            "aws_vpc_ipam_scope.private_scope"
          ]
        }
      ]
    },
    {
      "mode": "managed",
      "type": "aws_ram_resource_association",
      "name": "ipam_region2_nonprod_subnet1_association",
      "provider": "provider[\"registry.terraform.io/hashicorp/aws\"].delegated_account",
      "instances": [
        {
          "schema_version": 0,
          "attributes": {
            "id": "arn:aws:ram:us-east-1:628789204422:resource-share/f9758b09-e20a-4db6-9314-5112d7d9a099,arn:aws:ec2::628789204422:ipam-pool/ipam-pool-0f74a2cfcf9f16b12",
            "resource_arn": "arn:aws:ec2::628789204422:ipam-pool/ipam-pool-0f74a2cfcf9f16b12",
            "resource_share_arn": "arn:aws:ram:us-east-1:628789204422:resource-share/f9758b09-e20a-4db6-9314-5112d7d9a099"
          },
          "sensitive_attributes": [],
          "private": "bnVsbA==",
          "dependencies": [
            "aws_ram_resource_share.ipam_share",
            "aws_vpc_ipam.main_ipam",
            "aws_vpc_ipam_pool.region2",
            "aws_vpc_ipam_pool.region2_nonprod",
            "aws_vpc_ipam_pool.region2_nonprod_subnet1",
            "aws_vpc_ipam_scope.private_scope"
          ]
        }
      ]
    },
    {
      "mode": "managed",
      "type": "aws_ram_resource_association",
      "name": "ipam_region2_nonprod_subnet2_association",
      "provider": "provider[\"registry.terraform.io/hashicorp/aws\"].delegated_account",
      "instances": [
        {
          "schema_version": 0,
          "attributes": {
            "id": "arn:aws:ram:us-east-1:628789204422:resource-share/f9758b09-e20a-4db6-9314-5112d7d9a099,arn:aws:ec2::628789204422:ipam-pool/ipam-pool-0ed3c9a67a68f19eb",
            "resource_arn": "arn:aws:ec2::628789204422:ipam-pool/ipam-pool-0ed3c9a67a68f19eb",
            "resource_share_arn": "arn:aws:ram:us-east-1:628789204422:resource-share/f9758b09-e20a-4db6-9314-5112d7d9a099"
          },
          "sensitive_attributes": [],
          "private": "bnVsbA==",
          "dependencies": [
            "aws_ram_resource_share.ipam_share",
            "aws_vpc_ipam.main_ipam",
            "aws_vpc_ipam_pool.region2",
            "aws_vpc_ipam_pool.region2_nonprod",
            "aws_vpc_ipam_pool.region2_nonprod_subnet2",
            "aws_vpc_ipam_scope.private_scope"
          ]
        }
      ]
    },
    {
      "mode": "managed",
      "type": "aws_ram_resource_association",
      "name": "ipam_region2_pool_association",
      "provider": "provider[\"registry.terraform.io/hashicorp/aws\"].delegated_account",
      "instances": [
        {
          "schema_version": 0,
          "attributes": {
            "id": "arn:aws:ram:us-east-1:628789204422:resource-share/f9758b09-e20a-4db6-9314-5112d7d9a099,arn:aws:ec2::628789204422:ipam-pool/ipam-pool-02a01cf60cb372f0f",
            "resource_arn": "arn:aws:ec2::628789204422:ipam-pool/ipam-pool-02a01cf60cb372f0f",
            "resource_share_arn": "arn:aws:ram:us-east-1:628789204422:resource-share/f9758b09-e20a-4db6-9314-5112d7d9a099"
          },
          "sensitive_attributes": [],
          "private": "bnVsbA==",
          "dependencies": [
            "aws_ram_resource_share.ipam_share",
            "aws_vpc_ipam.main_ipam",
            "aws_vpc_ipam_pool.region2",
            "aws_vpc_ipam_scope.private_scope"
          ]
        }
      ]
    },
    {
      "mode": "managed",
      "type": "aws_ram_resource_association",
      "name": "ipam_region2_prod_association",
      "provider": "provider[\"registry.terraform.io/hashicorp/aws\"].delegated_account",
      "instances": [
        {
          "schema_version": 0,
          "attributes": {
            "id": "arn:aws:ram:us-east-1:628789204422:resource-share/f9758b09-e20a-4db6-9314-5112d7d9a099,arn:aws:ec2::628789204422:ipam-pool/ipam-pool-084e88a5e78284bb8",
            "resource_arn": "arn:aws:ec2::628789204422:ipam-pool/ipam-pool-084e88a5e78284bb8",
            "resource_share_arn": "arn:aws:ram:us-east-1:628789204422:resource-share/f9758b09-e20a-4db6-9314-5112d7d9a099"
          },
          "sensitive_attributes": [],
          "private": "bnVsbA==",
          "dependencies": [
            "aws_ram_resource_share.ipam_share",
            "aws_vpc_ipam.main_ipam",
            "aws_vpc_ipam_pool.region2",
            "aws_vpc_ipam_pool.region2_prod",
            "aws_vpc_ipam_scope.private_scope"
          ]
        }
      ]
    },
    {
      "mode": "managed",
      "type": "aws_ram_resource_association",
      "name": "ipam_region2_prod_subnet1_association",
      "provider": "provider[\"registry.terraform.io/hashicorp/aws\"].delegated_account",
      "instances": [
        {
          "schema_version": 0,
          "attributes": {
            "id": "arn:aws:ram:us-east-1:628789204422:resource-share/f9758b09-e20a-4db6-9314-5112d7d9a099,arn:aws:ec2::628789204422:ipam-pool/ipam-pool-04e7aedaee3f72cdb",
            "resource_arn": "arn:aws:ec2::628789204422:ipam-pool/ipam-pool-04e7aedaee3f72cdb",
            "resource_share_arn": "arn:aws:ram:us-east-1:628789204422:resource-share/f9758b09-e20a-4db6-9314-5112d7d9a099"
          },
          "sensitive_attributes": [],
          "private": "bnVsbA==",
          "dependencies": [
            "aws_ram_resource_share.ipam_share",
            "aws_vpc_ipam.main_ipam",
            "aws_vpc_ipam_pool.region2",
            "aws_vpc_ipam_pool.region2_prod",
            "aws_vpc_ipam_pool.region2_prod_subnet1",
            "aws_vpc_ipam_scope.private_scope"
          ]
        }
      ]
    },
    {
      "mode": "managed",
      "type": "aws_ram_resource_association",
      "name": "ipam_region2_prod_subnet2_association",
      "provider": "provider[\"registry.terraform.io/hashicorp/aws\"].delegated_account",
      "instances": [
        {
          "schema_version": 0,
          "attributes": {
            "id": "arn:aws:ram:us-east-1:628789204422:resource-share/f9758b09-e20a-4db6-9314-5112d7d9a099,arn:aws:ec2::628789204422:ipam-pool/ipam-pool-05f7045a251ee7036",
            "resource_arn": "arn:aws:ec2::628789204422:ipam-pool/ipam-pool-05f7045a251ee7036",
            "resource_share_arn": "arn:aws:ram:us-east-1:628789204422:resource-share/f9758b09-e20a-4db6-9314-5112d7d9a099"
          },
          "sensitive_attributes": [],
          "private": "bnVsbA==",
          "dependencies": [
            "aws_ram_resource_share.ipam_share",
            "aws_vpc_ipam.main_ipam",
            "aws_vpc_ipam_pool.region2",
            "aws_vpc_ipam_pool.region2_prod",
            "aws_vpc_ipam_pool.region2_prod_subnet2",
            "aws_vpc_ipam_scope.private_scope"
          ]
        }
      ]
    },
    {
      "mode": "managed",
      "type": "aws_ram_resource_share",
      "name": "ipam_share",
      "provider": "provider[\"registry.terraform.io/hashicorp/aws\"].delegated_account",
      "instances": [
        {
          "schema_version": 0,
          "attributes": {
            "allow_external_principals": false,
            "arn": "arn:aws:ram:us-east-1:628789204422:resource-share/f9758b09-e20a-4db6-9314-5112d7d9a099",
            "id": "arn:aws:ram:us-east-1:628789204422:resource-share/f9758b09-e20a-4db6-9314-5112d7d9a099",
            "name": "ipam-resource-share",
            "permission_arns": [
              "arn:aws:ram::aws:permission/AWSRAMDefaultPermissionsIpamPool"
            ],
            "tags": {},
            "tags_all": {},
            "timeouts": null
          },
          "sensitive_attributes": [],
          "private": "eyJlMmJmYjczMC1lY2FhLTExZTYtOGY4OC0zNDM2M2JjN2M0YzAiOnsiY3JlYXRlIjozMDAwMDAwMDAwMDAsImRlbGV0ZSI6MzAwMDAwMDAwMDAwfX0="
        }
      ]
    },
    {
      "mode": "managed",
      "type": "aws_route_table",
      "name": "region1_private_rt",
      "provider": "provider[\"registry.terraform.io/hashicorp/aws\"].tfg-test-account1-region1",
      "instances": [
        {
          "schema_version": 0,
          "attributes": {
            "arn": "arn:aws:ec2:us-east-1:900720408661:route-table/rtb-0322a2105ab3944e2",
            "id": "rtb-0322a2105ab3944e2",
            "owner_id": "900720408661",
            "propagating_vgws": [],
            "route": [
              {
                "carrier_gateway_id": "",
                "cidr_block": "0.0.0.0/0",
                "core_network_arn": "",
                "destination_prefix_list_id": "",
                "egress_only_gateway_id": "",
                "gateway_id": "",
                "ipv6_cidr_block": "",
                "local_gateway_id": "",
                "nat_gateway_id": "nat-0f1b05e21a16bdb1f",
                "network_interface_id": "",
                "transit_gateway_id": "",
                "vpc_endpoint_id": "",
                "vpc_peering_connection_id": ""
              }
            ],
            "tags": {
              "Environment": "Test",
              "Name": "TFG-Test-Account1-Private-RT-Region1"
            },
            "tags_all": {
              "Environment": "Test",
              "Name": "TFG-Test-Account1-Private-RT-Region1"
            },
            "timeouts": null,
            "vpc_id": "vpc-07615547ba2be2646"
          },
          "sensitive_attributes": [],
          "private": "eyJlMmJmYjczMC1lY2FhLTExZTYtOGY4OC0zNDM2M2JjN2M0YzAiOnsiY3JlYXRlIjozMDAwMDAwMDAwMDAsImRlbGV0ZSI6MzAwMDAwMDAwMDAwLCJ1cGRhdGUiOjEyMDAwMDAwMDAwMH19",
          "dependencies": [
            "aws_eip.region1_nat_eip",
            "aws_internet_gateway.region1_igw",
            "aws_nat_gateway.region1_nat",
            "aws_subnet.region1_public_subnet1",
            "aws_vpc.region1_vpc"
          ]
        }
      ]
    },
    {
      "mode": "managed",
      "type": "aws_route_table",
      "name": "region1_public_rt",
      "provider": "provider[\"registry.terraform.io/hashicorp/aws\"].tfg-test-account1-region1",
      "instances": [
        {
          "schema_version": 0,
          "attributes": {
            "arn": "arn:aws:ec2:us-east-1:900720408661:route-table/rtb-05446cd4c78e2adaa",
            "id": "rtb-05446cd4c78e2adaa",
            "owner_id": "900720408661",
            "propagating_vgws": [],
            "route": [
              {
                "carrier_gateway_id": "",
                "cidr_block": "0.0.0.0/0",
                "core_network_arn": "",
                "destination_prefix_list_id": "",
                "egress_only_gateway_id": "",
                "gateway_id": "igw-061f629ab021e8aa2",
                "ipv6_cidr_block": "",
                "local_gateway_id": "",
                "nat_gateway_id": "",
                "network_interface_id": "",
                "transit_gateway_id": "",
                "vpc_endpoint_id": "",
                "vpc_peering_connection_id": ""
              }
            ],
            "tags": {
              "Environment": "Test",
              "Name": "TFG-Test-Account1-Public-RT-Region1"
            },
            "tags_all": {
              "Environment": "Test",
              "Name": "TFG-Test-Account1-Public-RT-Region1"
            },
            "timeouts": null,
            "vpc_id": "vpc-07615547ba2be2646"
          },
          "sensitive_attributes": [],
          "private": "eyJlMmJmYjczMC1lY2FhLTExZTYtOGY4OC0zNDM2M2JjN2M0YzAiOnsiY3JlYXRlIjozMDAwMDAwMDAwMDAsImRlbGV0ZSI6MzAwMDAwMDAwMDAwLCJ1cGRhdGUiOjEyMDAwMDAwMDAwMH19",
          "dependencies": [
            "aws_internet_gateway.region1_igw",
            "aws_vpc.region1_vpc"
          ]
        }
      ]
    },
    {
      "mode": "managed",
      "type": "aws_route_table",
      "name": "region2_private_rt",
      "provider": "provider[\"registry.terraform.io/hashicorp/aws\"].tfg-test-account1-region2",
      "instances": [
        {
          "schema_version": 0,
          "attributes": {
            "arn": "arn:aws:ec2:us-east-2:900720408661:route-table/rtb-0fe7137905830c9b2",
            "id": "rtb-0fe7137905830c9b2",
            "owner_id": "900720408661",
            "propagating_vgws": [],
            "route": [
              {
                "carrier_gateway_id": "",
                "cidr_block": "0.0.0.0/0",
                "core_network_arn": "",
                "destination_prefix_list_id": "",
                "egress_only_gateway_id": "",
                "gateway_id": "",
                "ipv6_cidr_block": "",
                "local_gateway_id": "",
                "nat_gateway_id": "nat-0afc758c658792043",
                "network_interface_id": "",
                "transit_gateway_id": "",
                "vpc_endpoint_id": "",
                "vpc_peering_connection_id": ""
              }
            ],
            "tags": {
              "Environment": "Test",
              "Name": "TFG-Test-Account1-Private-RT-Region2"
            },
            "tags_all": {
              "Environment": "Test",
              "Name": "TFG-Test-Account1-Private-RT-Region2"
            },
            "timeouts": null,
            "vpc_id": "vpc-0e976833c1b234ae1"
          },
          "sensitive_attributes": [],
          "private": "eyJlMmJmYjczMC1lY2FhLTExZTYtOGY4OC0zNDM2M2JjN2M0YzAiOnsiY3JlYXRlIjozMDAwMDAwMDAwMDAsImRlbGV0ZSI6MzAwMDAwMDAwMDAwLCJ1cGRhdGUiOjEyMDAwMDAwMDAwMH19",
          "dependencies": [
            "aws_eip.region2_nat_eip",
            "aws_internet_gateway.region2_igw",
            "aws_nat_gateway.region2_nat",
            "aws_subnet.region2_public_subnet1",
            "aws_vpc.region2_vpc"
          ]
        }
      ]
    },
    {
      "mode": "managed",
      "type": "aws_route_table",
      "name": "region2_public_rt",
      "provider": "provider[\"registry.terraform.io/hashicorp/aws\"].tfg-test-account1-region2",
      "instances": [
        {
          "schema_version": 0,
          "attributes": {
            "arn": "arn:aws:ec2:us-east-2:900720408661:route-table/rtb-05c4e47703149509b",
            "id": "rtb-05c4e47703149509b",
            "owner_id": "900720408661",
            "propagating_vgws": [],
            "route": [
              {
                "carrier_gateway_id": "",
                "cidr_block": "0.0.0.0/0",
                "core_network_arn": "",
                "destination_prefix_list_id": "",
                "egress_only_gateway_id": "",
                "gateway_id": "igw-015837043b4f287d1",
                "ipv6_cidr_block": "",
                "local_gateway_id": "",
                "nat_gateway_id": "",
                "network_interface_id": "",
                "transit_gateway_id": "",
                "vpc_endpoint_id": "",
                "vpc_peering_connection_id": ""
              }
            ],
            "tags": {
              "Environment": "Test",
              "Name": "TFG-Test-Account1-Public-RT-Region2"
            },
            "tags_all": {
              "Environment": "Test",
              "Name": "TFG-Test-Account1-Public-RT-Region2"
            },
            "timeouts": null,
            "vpc_id": "vpc-0e976833c1b234ae1"
          },
          "sensitive_attributes": [],
          "private": "eyJlMmJmYjczMC1lY2FhLTExZTYtOGY4OC0zNDM2M2JjN2M0YzAiOnsiY3JlYXRlIjozMDAwMDAwMDAwMDAsImRlbGV0ZSI6MzAwMDAwMDAwMDAwLCJ1cGRhdGUiOjEyMDAwMDAwMDAwMH19",
          "dependencies": [
            "aws_internet_gateway.region2_igw",
            "aws_vpc.region2_vpc"
          ]
        }
      ]
    },
    {
      "mode": "managed",
      "type": "aws_route_table_association",
      "name": "region1_private_rta1",
      "provider": "provider[\"registry.terraform.io/hashicorp/aws\"].tfg-test-account1-region1",
      "instances": [
        {
          "schema_version": 0,
          "attributes": {
            "gateway_id": "",
            "id": "rtbassoc-08fce7590f64edc28",
            "route_table_id": "rtb-0322a2105ab3944e2",
            "subnet_id": "subnet-0634108e62f8274f7",
            "timeouts": null
          },
          "sensitive_attributes": [],
          "private": "eyJlMmJmYjczMC1lY2FhLTExZTYtOGY4OC0zNDM2M2JjN2M0YzAiOnsiY3JlYXRlIjozMDAwMDAwMDAwMDAsImRlbGV0ZSI6MzAwMDAwMDAwMDAwLCJ1cGRhdGUiOjEyMDAwMDAwMDAwMH19",
          "dependencies": [
            "aws_eip.region1_nat_eip",
            "aws_internet_gateway.region1_igw",
            "aws_nat_gateway.region1_nat",
            "aws_route_table.region1_private_rt",
            "aws_subnet.region1_private_subnet1",
            "aws_subnet.region1_public_subnet1",
            "aws_vpc.region1_vpc"
          ]
        }
      ]
    },
    {
      "mode": "managed",
      "type": "aws_route_table_association",
      "name": "region1_public_rta1",
      "provider": "provider[\"registry.terraform.io/hashicorp/aws\"].tfg-test-account1-region1",
      "instances": [
        {
          "schema_version": 0,
          "attributes": {
            "gateway_id": "",
            "id": "rtbassoc-0ce752d66716e8186",
            "route_table_id": "rtb-05446cd4c78e2adaa",
            "subnet_id": "subnet-08deb4f9ef2086484",
            "timeouts": null
          },
          "sensitive_attributes": [],
          "private": "eyJlMmJmYjczMC1lY2FhLTExZTYtOGY4OC0zNDM2M2JjN2M0YzAiOnsiY3JlYXRlIjozMDAwMDAwMDAwMDAsImRlbGV0ZSI6MzAwMDAwMDAwMDAwLCJ1cGRhdGUiOjEyMDAwMDAwMDAwMH19",
          "dependencies": [
            "aws_internet_gateway.region1_igw",
            "aws_route_table.region1_public_rt",
            "aws_subnet.region1_public_subnet1",
            "aws_vpc.region1_vpc"
          ]
        }
      ]
    },
    {
      "mode": "managed",
      "type": "aws_route_table_association",
      "name": "region1_public_rta2",
      "provider": "provider[\"registry.terraform.io/hashicorp/aws\"].tfg-test-account1-region1",
      "instances": [
        {
          "schema_version": 0,
          "attributes": {
            "gateway_id": "",
            "id": "rtbassoc-0fafae4af5991602c",
            "route_table_id": "rtb-05446cd4c78e2adaa",
            "subnet_id": "subnet-0f618a4de38207559",
            "timeouts": null
          },
          "sensitive_attributes": [],
          "private": "eyJlMmJmYjczMC1lY2FhLTExZTYtOGY4OC0zNDM2M2JjN2M0YzAiOnsiY3JlYXRlIjozMDAwMDAwMDAwMDAsImRlbGV0ZSI6MzAwMDAwMDAwMDAwLCJ1cGRhdGUiOjEyMDAwMDAwMDAwMH19",
          "dependencies": [
            "aws_internet_gateway.region1_igw",
            "aws_route_table.region1_public_rt",
            "aws_subnet.region1_public_subnet2",
            "aws_vpc.region1_vpc"
          ]
        }
      ]
    },
    {
      "mode": "managed",
      "type": "aws_route_table_association",
      "name": "region2_private_rta1",
      "provider": "provider[\"registry.terraform.io/hashicorp/aws\"].tfg-test-account1-region2",
      "instances": [
        {
          "schema_version": 0,
          "attributes": {
            "gateway_id": "",
            "id": "rtbassoc-0a94e938092e89ef4",
            "route_table_id": "rtb-0fe7137905830c9b2",
            "subnet_id": "subnet-0ec8ae7e30c8f203e",
            "timeouts": null
          },
          "sensitive_attributes": [],
          "private": "eyJlMmJmYjczMC1lY2FhLTExZTYtOGY4OC0zNDM2M2JjN2M0YzAiOnsiY3JlYXRlIjozMDAwMDAwMDAwMDAsImRlbGV0ZSI6MzAwMDAwMDAwMDAwLCJ1cGRhdGUiOjEyMDAwMDAwMDAwMH19",
          "dependencies": [
            "aws_eip.region2_nat_eip",
            "aws_internet_gateway.region2_igw",
            "aws_nat_gateway.region2_nat",
            "aws_route_table.region2_private_rt",
            "aws_subnet.region2_private_subnet1",
            "aws_subnet.region2_public_subnet1",
            "aws_vpc.region2_vpc"
          ]
        }
      ]
    },
    {
      "mode": "managed",
      "type": "aws_route_table_association",
      "name": "region2_public_rta1",
      "provider": "provider[\"registry.terraform.io/hashicorp/aws\"].tfg-test-account1-region2",
      "instances": [
        {
          "schema_version": 0,
          "attributes": {
            "gateway_id": "",
            "id": "rtbassoc-07986e40f77c2bb0a",
            "route_table_id": "rtb-05c4e47703149509b",
            "subnet_id": "subnet-0c65481309fec885c",
            "timeouts": null
          },
          "sensitive_attributes": [],
          "private": "eyJlMmJmYjczMC1lY2FhLTExZTYtOGY4OC0zNDM2M2JjN2M0YzAiOnsiY3JlYXRlIjozMDAwMDAwMDAwMDAsImRlbGV0ZSI6MzAwMDAwMDAwMDAwLCJ1cGRhdGUiOjEyMDAwMDAwMDAwMH19",
          "dependencies": [
            "aws_internet_gateway.region2_igw",
            "aws_route_table.region2_public_rt",
            "aws_subnet.region2_public_subnet1",
            "aws_vpc.region2_vpc"
          ]
        }
      ]
    },
    {
      "mode": "managed",
      "type": "aws_route_table_association",
      "name": "region2_public_rta2",
      "provider": "provider[\"registry.terraform.io/hashicorp/aws\"].tfg-test-account1-region2",
      "instances": [
        {
          "schema_version": 0,
          "attributes": {
            "gateway_id": "",
            "id": "rtbassoc-0e1215a119a83fc43",
            "route_table_id": "rtb-05c4e47703149509b",
            "subnet_id": "subnet-054a7dbf9b392dbd7",
            "timeouts": null
          },
          "sensitive_attributes": [],
          "private": "eyJlMmJmYjczMC1lY2FhLTExZTYtOGY4OC0zNDM2M2JjN2M0YzAiOnsiY3JlYXRlIjozMDAwMDAwMDAwMDAsImRlbGV0ZSI6MzAwMDAwMDAwMDAwLCJ1cGRhdGUiOjEyMDAwMDAwMDAwMH19",
          "dependencies": [
            "aws_internet_gateway.region2_igw",
            "aws_route_table.region2_public_rt",
            "aws_subnet.region2_public_subnet2",
            "aws_vpc.region2_vpc"
          ]
        }
      ]
    },
    {
      "mode": "managed",
      "type": "aws_security_group",
      "name": "bastion_sg",
      "provider": "provider[\"registry.terraform.io/hashicorp/aws\"].tfg-test-account1-region1",
      "instances": [
        {
          "schema_version": 1,
          "attributes": {
            "arn": "arn:aws:ec2:us-east-1:900720408661:security-group/sg-0e04d168f896898c2",
            "description": "Security group for bastion host",
            "egress": [
              {
                "cidr_blocks": [
                  "0.0.0.0/0"
                ],
                "description": "",
                "from_port": 0,
                "ipv6_cidr_blocks": [],
                "prefix_list_ids": [],
                "protocol": "-1",
                "security_groups": [],
                "self": false,
                "to_port": 0
              }
            ],
            "id": "sg-0e04d168f896898c2",
            "ingress": [
              {
                "cidr_blocks": [
                  "3.87.110.50/32"
                ],
                "description": "",
                "from_port": 22,
                "ipv6_cidr_blocks": [],
                "prefix_list_ids": [],
                "protocol": "tcp",
                "security_groups": [],
                "self": false,
                "to_port": 22
              },
              {
                "cidr_blocks": [
                  "66.98.96.0/20"
                ],
                "description": "",
                "from_port": 22,
                "ipv6_cidr_blocks": [],
                "prefix_list_ids": [],
                "protocol": "tcp",
                "security_groups": [],
                "self": false,
                "to_port": 22
              }
            ],
            "name": "bastion-sg",
            "name_prefix": "",
            "owner_id": "900720408661",
            "revoke_rules_on_delete": false,
            "tags": {
              "Environment": "Test",
              "Name": "TFG-Test-Bastion-SG"
            },
            "tags_all": {
              "Environment": "Test",
              "Name": "TFG-Test-Bastion-SG"
            },
            "timeouts": null,
            "vpc_id": "vpc-07615547ba2be2646"
          },
          "sensitive_attributes": [],
          "private": "eyJlMmJmYjczMC1lY2FhLTExZTYtOGY4OC0zNDM2M2JjN2M0YzAiOnsiY3JlYXRlIjo2MDAwMDAwMDAwMDAsImRlbGV0ZSI6OTAwMDAwMDAwMDAwfSwic2NoZW1hX3ZlcnNpb24iOiIxIn0=",
          "dependencies": [
            "aws_vpc.region1_vpc"
          ]
        }
      ]
    },
    {
      "mode": "managed",
      "type": "aws_security_group",
      "name": "private_sg",
      "provider": "provider[\"registry.terraform.io/hashicorp/aws\"].tfg-test-account1-region1",
      "instances": [
        {
          "schema_version": 1,
          "attributes": {
            "arn": "arn:aws:ec2:us-east-1:900720408661:security-group/sg-0231d2dd69ff3469a",
            "description": "Security group for private instance",
            "egress": [
              {
                "cidr_blocks": [
                  "0.0.0.0/0"
                ],
                "description": "",
                "from_port": 0,
                "ipv6_cidr_blocks": [],
                "prefix_list_ids": [],
                "protocol": "-1",
                "security_groups": [],
                "self": false,
                "to_port": 0
              }
            ],
            "id": "sg-0231d2dd69ff3469a",
            "ingress": [
              {
                "cidr_blocks": [
                  "10.0.16.0/21"
                ],
                "description": "",
                "from_port": 22,
                "ipv6_cidr_blocks": [],
                "prefix_list_ids": [],
                "protocol": "tcp",
                "security_groups": [],
                "self": false,
                "to_port": 22
              }
            ],
            "name": "private-sg",
            "name_prefix": "",
            "owner_id": "900720408661",
            "revoke_rules_on_delete": false,
            "tags": {
              "Environment": "Test",
              "Name": "TFG-Test-Private-SG"
            },
            "tags_all": {
              "Environment": "Test",
              "Name": "TFG-Test-Private-SG"
            },
            "timeouts": null,
            "vpc_id": "vpc-07615547ba2be2646"
          },
          "sensitive_attributes": [],
          "private": "eyJlMmJmYjczMC1lY2FhLTExZTYtOGY4OC0zNDM2M2JjN2M0YzAiOnsiY3JlYXRlIjo2MDAwMDAwMDAwMDAsImRlbGV0ZSI6OTAwMDAwMDAwMDAwfSwic2NoZW1hX3ZlcnNpb24iOiIxIn0=",
          "dependencies": [
            "aws_vpc.region1_vpc"
          ]
        }
      ]
    },
    {
      "mode": "managed",
      "type": "aws_subnet",
      "name": "region1_private_subnet1",
      "provider": "provider[\"registry.terraform.io/hashicorp/aws\"].tfg-test-account1-region1",
      "instances": [
        {
          "schema_version": 1,
          "attributes": {
            "arn": "arn:aws:ec2:us-east-1:900720408661:subnet/subnet-0634108e62f8274f7",
            "assign_ipv6_address_on_creation": false,
            "availability_zone": "us-east-1c",
            "availability_zone_id": "use1-az6",
            "cidr_block": "10.0.20.0/23",
            "customer_owned_ipv4_pool": "",
            "enable_dns64": false,
            "enable_lni_at_device_index": 0,
            "enable_resource_name_dns_a_record_on_launch": false,
            "enable_resource_name_dns_aaaa_record_on_launch": false,
            "id": "subnet-0634108e62f8274f7",
            "ipv6_cidr_block": "",
            "ipv6_cidr_block_association_id": "",
            "ipv6_native": false,
            "map_customer_owned_ip_on_launch": false,
            "map_public_ip_on_launch": false,
            "outpost_arn": "",
            "owner_id": "900720408661",
            "private_dns_hostname_type_on_launch": "ip-name",
            "tags": {
              "Environment": "Test",
              "Name": "TFG-Test-Account1-Private-Subnet1-Region1",
              "Type": "Private"
            },
            "tags_all": {
              "Environment": "Test",
              "Name": "TFG-Test-Account1-Private-Subnet1-Region1",
              "Type": "Private"
            },
            "timeouts": null,
            "vpc_id": "vpc-07615547ba2be2646"
          },
          "sensitive_attributes": [],
          "private": "eyJlMmJmYjczMC1lY2FhLTExZTYtOGY4OC0zNDM2M2JjN2M0YzAiOnsiY3JlYXRlIjo2MDAwMDAwMDAwMDAsImRlbGV0ZSI6MTIwMDAwMDAwMDAwMH0sInNjaGVtYV92ZXJzaW9uIjoiMSJ9",
          "dependencies": [
            "aws_vpc.region1_vpc"
          ]
        }
      ]
    },
    {
      "mode": "managed",
      "type": "aws_subnet",
      "name": "region1_public_subnet1",
      "provider": "provider[\"registry.terraform.io/hashicorp/aws\"].tfg-test-account1-region1",
      "instances": [
        {
          "schema_version": 1,
          "attributes": {
            "arn": "arn:aws:ec2:us-east-1:900720408661:subnet/subnet-08deb4f9ef2086484",
            "assign_ipv6_address_on_creation": false,
            "availability_zone": "us-east-1a",
            "availability_zone_id": "use1-az2",
            "cidr_block": "10.0.16.0/23",
            "customer_owned_ipv4_pool": "",
            "enable_dns64": false,
            "enable_lni_at_device_index": 0,
            "enable_resource_name_dns_a_record_on_launch": false,
            "enable_resource_name_dns_aaaa_record_on_launch": false,
            "id": "subnet-08deb4f9ef2086484",
            "ipv6_cidr_block": "",
            "ipv6_cidr_block_association_id": "",
            "ipv6_native": false,
            "map_customer_owned_ip_on_launch": false,
            "map_public_ip_on_launch": true,
            "outpost_arn": "",
            "owner_id": "900720408661",
            "private_dns_hostname_type_on_launch": "ip-name",
            "tags": {
              "Environment": "Test",
              "Name": "TFG-Test-Account1-Public-Subnet1-Region1",
              "Type": "Public"
            },
            "tags_all": {
              "Environment": "Test",
              "Name": "TFG-Test-Account1-Public-Subnet1-Region1",
              "Type": "Public"
            },
            "timeouts": null,
            "vpc_id": "vpc-07615547ba2be2646"
          },
          "sensitive_attributes": [],
          "private": "eyJlMmJmYjczMC1lY2FhLTExZTYtOGY4OC0zNDM2M2JjN2M0YzAiOnsiY3JlYXRlIjo2MDAwMDAwMDAwMDAsImRlbGV0ZSI6MTIwMDAwMDAwMDAwMH0sInNjaGVtYV92ZXJzaW9uIjoiMSJ9",
          "dependencies": [
            "aws_vpc.region1_vpc"
          ]
        }
      ]
    },
    {
      "mode": "managed",
      "type": "aws_subnet",
      "name": "region1_public_subnet2",
      "provider": "provider[\"registry.terraform.io/hashicorp/aws\"].tfg-test-account1-region1",
      "instances": [
        {
          "schema_version": 1,
          "attributes": {
            "arn": "arn:aws:ec2:us-east-1:900720408661:subnet/subnet-0f618a4de38207559",
            "assign_ipv6_address_on_creation": false,
            "availability_zone": "us-east-1b",
            "availability_zone_id": "use1-az4",
            "cidr_block": "10.0.18.0/23",
            "customer_owned_ipv4_pool": "",
            "enable_dns64": false,
            "enable_lni_at_device_index": 0,
            "enable_resource_name_dns_a_record_on_launch": false,
            "enable_resource_name_dns_aaaa_record_on_launch": false,
            "id": "subnet-0f618a4de38207559",
            "ipv6_cidr_block": "",
            "ipv6_cidr_block_association_id": "",
            "ipv6_native": false,
            "map_customer_owned_ip_on_launch": false,
            "map_public_ip_on_launch": true,
            "outpost_arn": "",
            "owner_id": "900720408661",
            "private_dns_hostname_type_on_launch": "ip-name",
            "tags": {
              "Environment": "Test",
              "Name": "TFG-Test-Account1-Public-Subnet2-Region1",
              "Type": "Public"
            },
            "tags_all": {
              "Environment": "Test",
              "Name": "TFG-Test-Account1-Public-Subnet2-Region1",
              "Type": "Public"
            },
            "timeouts": null,
            "vpc_id": "vpc-07615547ba2be2646"
          },
          "sensitive_attributes": [],
          "private": "eyJlMmJmYjczMC1lY2FhLTExZTYtOGY4OC0zNDM2M2JjN2M0YzAiOnsiY3JlYXRlIjo2MDAwMDAwMDAwMDAsImRlbGV0ZSI6MTIwMDAwMDAwMDAwMH0sInNjaGVtYV92ZXJzaW9uIjoiMSJ9",
          "dependencies": [
            "aws_vpc.region1_vpc"
          ]
        }
      ]
    },
    {
      "mode": "managed",
      "type": "aws_subnet",
      "name": "region2_private_subnet1",
      "provider": "provider[\"registry.terraform.io/hashicorp/aws\"].tfg-test-account1-region2",
      "instances": [
        {
          "schema_version": 1,
          "attributes": {
            "arn": "arn:aws:ec2:us-east-2:900720408661:subnet/subnet-0ec8ae7e30c8f203e",
            "assign_ipv6_address_on_creation": false,
            "availability_zone": "us-east-2c",
            "availability_zone_id": "use2-az3",
            "cidr_block": "10.1.20.0/23",
            "customer_owned_ipv4_pool": "",
            "enable_dns64": false,
            "enable_lni_at_device_index": 0,
            "enable_resource_name_dns_a_record_on_launch": false,
            "enable_resource_name_dns_aaaa_record_on_launch": false,
            "id": "subnet-0ec8ae7e30c8f203e",
            "ipv6_cidr_block": "",
            "ipv6_cidr_block_association_id": "",
            "ipv6_native": false,
            "map_customer_owned_ip_on_launch": false,
            "map_public_ip_on_launch": false,
            "outpost_arn": "",
            "owner_id": "900720408661",
            "private_dns_hostname_type_on_launch": "ip-name",
            "tags": {
              "Environment": "Test",
              "Name": "TFG-Test-Account1-Private-Subnet1-Region2",
              "Type": "Private"
            },
            "tags_all": {
              "Environment": "Test",
              "Name": "TFG-Test-Account1-Private-Subnet1-Region2",
              "Type": "Private"
            },
            "timeouts": null,
            "vpc_id": "vpc-0e976833c1b234ae1"
          },
          "sensitive_attributes": [],
          "private": "eyJlMmJmYjczMC1lY2FhLTExZTYtOGY4OC0zNDM2M2JjN2M0YzAiOnsiY3JlYXRlIjo2MDAwMDAwMDAwMDAsImRlbGV0ZSI6MTIwMDAwMDAwMDAwMH0sInNjaGVtYV92ZXJzaW9uIjoiMSJ9",
          "dependencies": [
            "aws_vpc.region2_vpc"
          ]
        }
      ]
    },
    {
      "mode": "managed",
      "type": "aws_subnet",
      "name": "region2_public_subnet1",
      "provider": "provider[\"registry.terraform.io/hashicorp/aws\"].tfg-test-account1-region2",
      "instances": [
        {
          "schema_version": 1,
          "attributes": {
            "arn": "arn:aws:ec2:us-east-2:900720408661:subnet/subnet-0c65481309fec885c",
            "assign_ipv6_address_on_creation": false,
            "availability_zone": "us-east-2a",
            "availability_zone_id": "use2-az1",
            "cidr_block": "10.1.16.0/23",
            "customer_owned_ipv4_pool": "",
            "enable_dns64": false,
            "enable_lni_at_device_index": 0,
            "enable_resource_name_dns_a_record_on_launch": false,
            "enable_resource_name_dns_aaaa_record_on_launch": false,
            "id": "subnet-0c65481309fec885c",
            "ipv6_cidr_block": "",
            "ipv6_cidr_block_association_id": "",
            "ipv6_native": false,
            "map_customer_owned_ip_on_launch": false,
            "map_public_ip_on_launch": true,
            "outpost_arn": "",
            "owner_id": "900720408661",
            "private_dns_hostname_type_on_launch": "ip-name",
            "tags": {
              "Environment": "Test",
              "Name": "TFG-Test-Account1-Public-Subnet1-Region2",
              "Type": "Public"
            },
            "tags_all": {
              "Environment": "Test",
              "Name": "TFG-Test-Account1-Public-Subnet1-Region2",
              "Type": "Public"
            },
            "timeouts": null,
            "vpc_id": "vpc-0e976833c1b234ae1"
          },
          "sensitive_attributes": [],
          "private": "eyJlMmJmYjczMC1lY2FhLTExZTYtOGY4OC0zNDM2M2JjN2M0YzAiOnsiY3JlYXRlIjo2MDAwMDAwMDAwMDAsImRlbGV0ZSI6MTIwMDAwMDAwMDAwMH0sInNjaGVtYV92ZXJzaW9uIjoiMSJ9",
          "dependencies": [
            "aws_vpc.region2_vpc"
          ]
        }
      ]
    },
    {
      "mode": "managed",
      "type": "aws_subnet",
      "name": "region2_public_subnet2",
      "provider": "provider[\"registry.terraform.io/hashicorp/aws\"].tfg-test-account1-region2",
      "instances": [
        {
          "schema_version": 1,
          "attributes": {
            "arn": "arn:aws:ec2:us-east-2:900720408661:subnet/subnet-054a7dbf9b392dbd7",
            "assign_ipv6_address_on_creation": false,
            "availability_zone": "us-east-2b",
            "availability_zone_id": "use2-az2",
            "cidr_block": "10.1.18.0/23",
            "customer_owned_ipv4_pool": "",
            "enable_dns64": false,
            "enable_lni_at_device_index": 0,
            "enable_resource_name_dns_a_record_on_launch": false,
            "enable_resource_name_dns_aaaa_record_on_launch": false,
            "id": "subnet-054a7dbf9b392dbd7",
            "ipv6_cidr_block": "",
            "ipv6_cidr_block_association_id": "",
            "ipv6_native": false,
            "map_customer_owned_ip_on_launch": false,
            "map_public_ip_on_launch": true,
            "outpost_arn": "",
            "owner_id": "900720408661",
            "private_dns_hostname_type_on_launch": "ip-name",
            "tags": {
              "Environment": "Test",
              "Name": "TFG-Test-Account1-Public-Subnet2-Region2",
              "Type": "Public"
            },
            "tags_all": {
              "Environment": "Test",
              "Name": "TFG-Test-Account1-Public-Subnet2-Region2",
              "Type": "Public"
            },
            "timeouts": null,
            "vpc_id": "vpc-0e976833c1b234ae1"
          },
          "sensitive_attributes": [],
          "private": "eyJlMmJmYjczMC1lY2FhLTExZTYtOGY4OC0zNDM2M2JjN2M0YzAiOnsiY3JlYXRlIjo2MDAwMDAwMDAwMDAsImRlbGV0ZSI6MTIwMDAwMDAwMDAwMH0sInNjaGVtYV92ZXJzaW9uIjoiMSJ9",
          "dependencies": [
            "aws_vpc.region2_vpc"
          ]
        }
      ]
    },
    {
      "mode": "managed",
      "type": "aws_vpc",
      "name": "region1_vpc",
      "provider": "provider[\"registry.terraform.io/hashicorp/aws\"].tfg-test-account1-region1",
      "instances": [
        {
          "schema_version": 1,
          "attributes": {
            "arn": "arn:aws:ec2:us-east-1:900720408661:vpc/vpc-07615547ba2be2646",
            "assign_generated_ipv6_cidr_block": false,
            "cidr_block": "10.0.16.0/21",
            "default_network_acl_id": "acl-0c6ac2269552c6e8b",
            "default_route_table_id": "rtb-0520f24c5218d4b9f",
            "default_security_group_id": "sg-0d7efc4061a5b5e06",
            "dhcp_options_id": "dopt-061c111fa1624be54",
            "enable_dns_hostnames": true,
            "enable_dns_support": true,
            "enable_network_address_usage_metrics": false,
            "id": "vpc-07615547ba2be2646",
            "instance_tenancy": "default",
            "ipv4_ipam_pool_id": "ipam-pool-08f6531d08d2924a4",
            "ipv4_netmask_length": 21,
            "ipv6_association_id": "",
            "ipv6_cidr_block": "",
            "ipv6_cidr_block_network_border_group": "",
            "ipv6_ipam_pool_id": "",
            "ipv6_netmask_length": 0,
            "main_route_table_id": "rtb-0520f24c5218d4b9f",
            "owner_id": "900720408661",
            "tags": {
              "Environment": "Test",
              "Name": "TFG-Test-Account1-VPC-Region1"
            },
            "tags_all": {
              "Environment": "Test",
              "Name": "TFG-Test-Account1-VPC-Region1"
            }
          },
          "sensitive_attributes": [],
          "private": "eyJzY2hlbWFfdmVyc2lvbiI6IjEifQ=="
        }
      ]
    },
    {
      "mode": "managed",
      "type": "aws_vpc",
      "name": "region2_vpc",
      "provider": "provider[\"registry.terraform.io/hashicorp/aws\"].tfg-test-account1-region2",
      "instances": [
        {
          "schema_version": 1,
          "attributes": {
            "arn": "arn:aws:ec2:us-east-2:900720408661:vpc/vpc-0e976833c1b234ae1",
            "assign_generated_ipv6_cidr_block": false,
            "cidr_block": "10.1.16.0/21",
            "default_network_acl_id": "acl-0b409a47d9c5187bc",
            "default_route_table_id": "rtb-09e8dac7454d90c90",
            "default_security_group_id": "sg-08875bcba0a3c83ad",
            "dhcp_options_id": "dopt-0275e44699e4f7bf9",
            "enable_dns_hostnames": true,
            "enable_dns_support": true,
            "enable_network_address_usage_metrics": false,
            "id": "vpc-0e976833c1b234ae1",
            "instance_tenancy": "default",
            "ipv4_ipam_pool_id": "ipam-pool-084e88a5e78284bb8",
            "ipv4_netmask_length": 21,
            "ipv6_association_id": "",
            "ipv6_cidr_block": "",
            "ipv6_cidr_block_network_border_group": "",
            "ipv6_ipam_pool_id": "",
            "ipv6_netmask_length": 0,
            "main_route_table_id": "rtb-09e8dac7454d90c90",
            "owner_id": "900720408661",
            "tags": {
              "Environment": "Test",
              "Name": "TFG-Test-Account1-VPC-Region2"
            },
            "tags_all": {
              "Environment": "Test",
              "Name": "TFG-Test-Account1-VPC-Region2"
            }
          },
          "sensitive_attributes": [],
          "private": "eyJzY2hlbWFfdmVyc2lvbiI6IjEifQ=="
        }
      ]
    },
    {
      "mode": "managed",
      "type": "aws_vpc_ipam",
      "name": "main_ipam",
      "provider": "provider[\"registry.terraform.io/hashicorp/aws\"].delegated_account",
      "instances": [
        {
          "schema_version": 0,
          "attributes": {
            "arn": "arn:aws:ec2::628789204422:ipam/ipam-00a8640bb0f9d22d2",
            "cascade": null,
            "default_resource_discovery_association_id": "ipam-res-disco-assoc-0cab724286fd6b283",
            "default_resource_discovery_id": "ipam-res-disco-0b8560e25c5209db6",
            "description": "Global IPAM for managing CIDR blocks",
            "enable_private_gua": false,
            "id": "ipam-00a8640bb0f9d22d2",
            "operating_regions": [
              {
                "region_name": "us-east-1"
              },
              {
                "region_name": "us-east-2"
              }
            ],
            "private_default_scope_id": "ipam-scope-06518567e62527078",
            "public_default_scope_id": "ipam-scope-0e2058d7aadb53bc9",
            "scope_count": 3,
            "tags": {},
            "tags_all": {},
            "tier": "advanced",
            "timeouts": null
          },
          "sensitive_attributes": [],
          "private": "eyJlMmJmYjczMC1lY2FhLTExZTYtOGY4OC0zNDM2M2JjN2M0YzAiOnsiY3JlYXRlIjoxODAwMDAwMDAwMDAsImRlbGV0ZSI6MTgwMDAwMDAwMDAwLCJ1cGRhdGUiOjE4MDAwMDAwMDAwMH19"
        }
      ]
    },
    {
      "mode": "managed",
      "type": "aws_vpc_ipam_pool",
      "name": "region1",
      "provider": "provider[\"registry.terraform.io/hashicorp/aws\"].delegated_account",
      "instances": [
        {
          "schema_version": 0,
          "attributes": {
            "address_family": "ipv4",
            "allocation_default_netmask_length": null,
            "allocation_max_netmask_length": null,
            "allocation_min_netmask_length": null,
            "allocation_resource_tags": {},
            "arn": "arn:aws:ec2::628789204422:ipam-pool/ipam-pool-0c73fc7683c398187",
            "auto_import": false,
            "aws_service": "",
            "cascade": null,
            "description": "Top-Level Region 1 /16 Pool",
            "id": "ipam-pool-0c73fc7683c398187",
            "ipam_scope_id": "ipam-scope-0259b5a08dc7d25de",
            "ipam_scope_type": "private",
            "locale": "us-east-1",
            "pool_depth": 1,
            "public_ip_source": "",
            "publicly_advertisable": false,
            "source_ipam_pool_id": "",
            "state": "create-complete",
            "tags": {},
            "tags_all": {},
            "timeouts": null
          },
          "sensitive_attributes": [],
          "private": "eyJlMmJmYjczMC1lY2FhLTExZTYtOGY4OC0zNDM2M2JjN2M0YzAiOnsiY3JlYXRlIjoxODAwMDAwMDAwMDAsImRlbGV0ZSI6MTgwMDAwMDAwMDAwLCJ1cGRhdGUiOjE4MDAwMDAwMDAwMH19",
          "dependencies": [
            "aws_vpc_ipam.main_ipam",
            "aws_vpc_ipam_scope.private_scope"
          ]
        }
      ]
    },
    {
      "mode": "managed",
      "type": "aws_vpc_ipam_pool",
      "name": "region1_nonprod",
      "provider": "provider[\"registry.terraform.io/hashicorp/aws\"].delegated_account",
      "instances": [
        {
          "schema_version": 0,
          "attributes": {
            "address_family": "ipv4",
            "allocation_default_netmask_length": null,
            "allocation_max_netmask_length": null,
            "allocation_min_netmask_length": null,
            "allocation_resource_tags": {},
            "arn": "arn:aws:ec2::628789204422:ipam-pool/ipam-pool-0a92df82cc3e1f8cf",
            "auto_import": false,
            "aws_service": "",
            "cascade": null,
            "description": "Region 1 Non-Production Pool",
            "id": "ipam-pool-0a92df82cc3e1f8cf",
            "ipam_scope_id": "ipam-scope-0259b5a08dc7d25de",
            "ipam_scope_type": "private",
            "locale": "us-east-1",
            "pool_depth": 2,
            "public_ip_source": "",
            "publicly_advertisable": false,
            "source_ipam_pool_id": "ipam-pool-0c73fc7683c398187",
            "state": "create-complete",
            "tags": {},
            "tags_all": {},
            "timeouts": null
          },
          "sensitive_attributes": [],
          "private": "eyJlMmJmYjczMC1lY2FhLTExZTYtOGY4OC0zNDM2M2JjN2M0YzAiOnsiY3JlYXRlIjoxODAwMDAwMDAwMDAsImRlbGV0ZSI6MTgwMDAwMDAwMDAwLCJ1cGRhdGUiOjE4MDAwMDAwMDAwMH19",
          "dependencies": [
            "aws_vpc_ipam.main_ipam",
            "aws_vpc_ipam_pool.region1",
            "aws_vpc_ipam_scope.private_scope"
          ]
        }
      ]
    },
    {
      "mode": "managed",
      "type": "aws_vpc_ipam_pool",
      "name": "region1_nonprod_subnet1",
      "provider": "provider[\"registry.terraform.io/hashicorp/aws\"].delegated_account",
      "instances": [
        {
          "schema_version": 0,
          "attributes": {
            "address_family": "ipv4",
            "allocation_default_netmask_length": null,
            "allocation_max_netmask_length": null,
            "allocation_min_netmask_length": null,
            "allocation_resource_tags": {},
            "arn": "arn:aws:ec2::628789204422:ipam-pool/ipam-pool-0e457f747cb6b4f87",
            "auto_import": false,
            "aws_service": "",
            "cascade": null,
            "description": "Region 1 Non-Production Subnet 1",
            "id": "ipam-pool-0e457f747cb6b4f87",
            "ipam_scope_id": "ipam-scope-0259b5a08dc7d25de",
            "ipam_scope_type": "private",
            "locale": "us-east-1",
            "pool_depth": 3,
            "public_ip_source": "",
            "publicly_advertisable": false,
            "source_ipam_pool_id": "ipam-pool-0a92df82cc3e1f8cf",
            "state": "create-complete",
            "tags": {},
            "tags_all": {},
            "timeouts": null
          },
          "sensitive_attributes": [],
          "private": "eyJlMmJmYjczMC1lY2FhLTExZTYtOGY4OC0zNDM2M2JjN2M0YzAiOnsiY3JlYXRlIjoxODAwMDAwMDAwMDAsImRlbGV0ZSI6MTgwMDAwMDAwMDAwLCJ1cGRhdGUiOjE4MDAwMDAwMDAwMH19",
          "dependencies": [
            "aws_vpc_ipam.main_ipam",
            "aws_vpc_ipam_pool.region1",
            "aws_vpc_ipam_pool.region1_nonprod",
            "aws_vpc_ipam_scope.private_scope"
          ]
        }
      ]
    },
    {
      "mode": "managed",
      "type": "aws_vpc_ipam_pool",
      "name": "region1_nonprod_subnet2",
      "provider": "provider[\"registry.terraform.io/hashicorp/aws\"].delegated_account",
      "instances": [
        {
          "schema_version": 0,
          "attributes": {
            "address_family": "ipv4",
            "allocation_default_netmask_length": null,
            "allocation_max_netmask_length": null,
            "allocation_min_netmask_length": null,
            "allocation_resource_tags": {},
            "arn": "arn:aws:ec2::628789204422:ipam-pool/ipam-pool-06f0218ddd30fa8bf",
            "auto_import": false,
            "aws_service": "",
            "cascade": null,
            "description": "Region 1 Non-Production Subnet 2",
            "id": "ipam-pool-06f0218ddd30fa8bf",
            "ipam_scope_id": "ipam-scope-0259b5a08dc7d25de",
            "ipam_scope_type": "private",
            "locale": "us-east-1",
            "pool_depth": 3,
            "public_ip_source": "",
            "publicly_advertisable": false,
            "source_ipam_pool_id": "ipam-pool-0a92df82cc3e1f8cf",
            "state": "create-complete",
            "tags": {},
            "tags_all": {},
            "timeouts": null
          },
          "sensitive_attributes": [],
          "private": "eyJlMmJmYjczMC1lY2FhLTExZTYtOGY4OC0zNDM2M2JjN2M0YzAiOnsiY3JlYXRlIjoxODAwMDAwMDAwMDAsImRlbGV0ZSI6MTgwMDAwMDAwMDAwLCJ1cGRhdGUiOjE4MDAwMDAwMDAwMH19",
          "dependencies": [
            "aws_vpc_ipam.main_ipam",
            "aws_vpc_ipam_pool.region1",
            "aws_vpc_ipam_pool.region1_nonprod",
            "aws_vpc_ipam_scope.private_scope"
          ]
        }
      ]
    },
    {
      "mode": "managed",
      "type": "aws_vpc_ipam_pool",
      "name": "region1_prod",
      "provider": "provider[\"registry.terraform.io/hashicorp/aws\"].delegated_account",
      "instances": [
        {
          "schema_version": 0,
          "attributes": {
            "address_family": "ipv4",
            "allocation_default_netmask_length": null,
            "allocation_max_netmask_length": null,
            "allocation_min_netmask_length": null,
            "allocation_resource_tags": {},
            "arn": "arn:aws:ec2::628789204422:ipam-pool/ipam-pool-08f6531d08d2924a4",
            "auto_import": false,
            "aws_service": "",
            "cascade": null,
            "description": "Region 1 Production Pool",
            "id": "ipam-pool-08f6531d08d2924a4",
            "ipam_scope_id": "ipam-scope-0259b5a08dc7d25de",
            "ipam_scope_type": "private",
            "locale": "us-east-1",
            "pool_depth": 2,
            "public_ip_source": "",
            "publicly_advertisable": false,
            "source_ipam_pool_id": "ipam-pool-0c73fc7683c398187",
            "state": "create-complete",
            "tags": {},
            "tags_all": {},
            "timeouts": null
          },
          "sensitive_attributes": [],
          "private": "eyJlMmJmYjczMC1lY2FhLTExZTYtOGY4OC0zNDM2M2JjN2M0YzAiOnsiY3JlYXRlIjoxODAwMDAwMDAwMDAsImRlbGV0ZSI6MTgwMDAwMDAwMDAwLCJ1cGRhdGUiOjE4MDAwMDAwMDAwMH19",
          "dependencies": [
            "aws_vpc_ipam.main_ipam",
            "aws_vpc_ipam_pool.region1",
            "aws_vpc_ipam_scope.private_scope"
          ]
        }
      ]
    },
    {
      "mode": "managed",
      "type": "aws_vpc_ipam_pool",
      "name": "region1_prod_subnet1",
      "provider": "provider[\"registry.terraform.io/hashicorp/aws\"].delegated_account",
      "instances": [
        {
          "schema_version": 0,
          "attributes": {
            "address_family": "ipv4",
            "allocation_default_netmask_length": null,
            "allocation_max_netmask_length": null,
            "allocation_min_netmask_length": null,
            "allocation_resource_tags": {},
            "arn": "arn:aws:ec2::628789204422:ipam-pool/ipam-pool-09426af118bdbde22",
            "auto_import": false,
            "aws_service": "",
            "cascade": null,
            "description": "Region 1 Production Subnet 1",
            "id": "ipam-pool-09426af118bdbde22",
            "ipam_scope_id": "ipam-scope-0259b5a08dc7d25de",
            "ipam_scope_type": "private",
            "locale": "us-east-1",
            "pool_depth": 3,
            "public_ip_source": "",
            "publicly_advertisable": false,
            "source_ipam_pool_id": "ipam-pool-08f6531d08d2924a4",
            "state": "create-complete",
            "tags": {},
            "tags_all": {},
            "timeouts": null
          },
          "sensitive_attributes": [],
          "private": "eyJlMmJmYjczMC1lY2FhLTExZTYtOGY4OC0zNDM2M2JjN2M0YzAiOnsiY3JlYXRlIjoxODAwMDAwMDAwMDAsImRlbGV0ZSI6MTgwMDAwMDAwMDAwLCJ1cGRhdGUiOjE4MDAwMDAwMDAwMH19",
          "dependencies": [
            "aws_vpc_ipam.main_ipam",
            "aws_vpc_ipam_pool.region1",
            "aws_vpc_ipam_pool.region1_prod",
            "aws_vpc_ipam_scope.private_scope"
          ]
        }
      ]
    },
    {
      "mode": "managed",
      "type": "aws_vpc_ipam_pool",
      "name": "region1_prod_subnet2",
      "provider": "provider[\"registry.terraform.io/hashicorp/aws\"].delegated_account",
      "instances": [
        {
          "schema_version": 0,
          "attributes": {
            "address_family": "ipv4",
            "allocation_default_netmask_length": null,
            "allocation_max_netmask_length": null,
            "allocation_min_netmask_length": null,
            "allocation_resource_tags": {},
            "arn": "arn:aws:ec2::628789204422:ipam-pool/ipam-pool-048780e45f8762807",
            "auto_import": false,
            "aws_service": "",
            "cascade": null,
            "description": "Region 1 Production Subnet 2",
            "id": "ipam-pool-048780e45f8762807",
            "ipam_scope_id": "ipam-scope-0259b5a08dc7d25de",
            "ipam_scope_type": "private",
            "locale": "us-east-1",
            "pool_depth": 3,
            "public_ip_source": "",
            "publicly_advertisable": false,
            "source_ipam_pool_id": "ipam-pool-08f6531d08d2924a4",
            "state": "create-complete",
            "tags": {},
            "tags_all": {},
            "timeouts": null
          },
          "sensitive_attributes": [],
          "private": "eyJlMmJmYjczMC1lY2FhLTExZTYtOGY4OC0zNDM2M2JjN2M0YzAiOnsiY3JlYXRlIjoxODAwMDAwMDAwMDAsImRlbGV0ZSI6MTgwMDAwMDAwMDAwLCJ1cGRhdGUiOjE4MDAwMDAwMDAwMH19",
          "dependencies": [
            "aws_vpc_ipam.main_ipam",
            "aws_vpc_ipam_pool.region1",
            "aws_vpc_ipam_pool.region1_prod",
            "aws_vpc_ipam_scope.private_scope"
          ]
        }
      ]
    },
    {
      "mode": "managed",
      "type": "aws_vpc_ipam_pool",
      "name": "region2",
      "provider": "provider[\"registry.terraform.io/hashicorp/aws\"].delegated_account",
      "instances": [
        {
          "schema_version": 0,
          "attributes": {
            "address_family": "ipv4",
            "allocation_default_netmask_length": null,
            "allocation_max_netmask_length": null,
            "allocation_min_netmask_length": null,
            "allocation_resource_tags": {},
            "arn": "arn:aws:ec2::628789204422:ipam-pool/ipam-pool-02a01cf60cb372f0f",
            "auto_import": false,
            "aws_service": "",
            "cascade": null,
            "description": "Top-Level Region 2 /16 Pool",
            "id": "ipam-pool-02a01cf60cb372f0f",
            "ipam_scope_id": "ipam-scope-0259b5a08dc7d25de",
            "ipam_scope_type": "private",
            "locale": "us-east-2",
            "pool_depth": 1,
            "public_ip_source": "",
            "publicly_advertisable": false,
            "source_ipam_pool_id": "",
            "state": "create-complete",
            "tags": {},
            "tags_all": {},
            "timeouts": null
          },
          "sensitive_attributes": [],
          "private": "eyJlMmJmYjczMC1lY2FhLTExZTYtOGY4OC0zNDM2M2JjN2M0YzAiOnsiY3JlYXRlIjoxODAwMDAwMDAwMDAsImRlbGV0ZSI6MTgwMDAwMDAwMDAwLCJ1cGRhdGUiOjE4MDAwMDAwMDAwMH19",
          "dependencies": [
            "aws_vpc_ipam.main_ipam",
            "aws_vpc_ipam_scope.private_scope"
          ]
        }
      ]
    },
    {
      "mode": "managed",
      "type": "aws_vpc_ipam_pool",
      "name": "region2_nonprod",
      "provider": "provider[\"registry.terraform.io/hashicorp/aws\"].delegated_account",
      "instances": [
        {
          "schema_version": 0,
          "attributes": {
            "address_family": "ipv4",
            "allocation_default_netmask_length": null,
            "allocation_max_netmask_length": null,
            "allocation_min_netmask_length": null,
            "allocation_resource_tags": {},
            "arn": "arn:aws:ec2::628789204422:ipam-pool/ipam-pool-0a36f55727babcd93",
            "auto_import": false,
            "aws_service": "",
            "cascade": null,
            "description": "Region 2 Non-Production Pool",
            "id": "ipam-pool-0a36f55727babcd93",
            "ipam_scope_id": "ipam-scope-0259b5a08dc7d25de",
            "ipam_scope_type": "private",
            "locale": "us-east-2",
            "pool_depth": 2,
            "public_ip_source": "",
            "publicly_advertisable": false,
            "source_ipam_pool_id": "ipam-pool-02a01cf60cb372f0f",
            "state": "create-complete",
            "tags": {},
            "tags_all": {},
            "timeouts": null
          },
          "sensitive_attributes": [],
          "private": "eyJlMmJmYjczMC1lY2FhLTExZTYtOGY4OC0zNDM2M2JjN2M0YzAiOnsiY3JlYXRlIjoxODAwMDAwMDAwMDAsImRlbGV0ZSI6MTgwMDAwMDAwMDAwLCJ1cGRhdGUiOjE4MDAwMDAwMDAwMH19",
          "dependencies": [
            "aws_vpc_ipam.main_ipam",
            "aws_vpc_ipam_pool.region2",
            "aws_vpc_ipam_scope.private_scope"
          ]
        }
      ]
    },
    {
      "mode": "managed",
      "type": "aws_vpc_ipam_pool",
      "name": "region2_nonprod_subnet1",
      "provider": "provider[\"registry.terraform.io/hashicorp/aws\"].delegated_account",
      "instances": [
        {
          "schema_version": 0,
          "attributes": {
            "address_family": "ipv4",
            "allocation_default_netmask_length": null,
            "allocation_max_netmask_length": null,
            "allocation_min_netmask_length": null,
            "allocation_resource_tags": {},
            "arn": "arn:aws:ec2::628789204422:ipam-pool/ipam-pool-0f74a2cfcf9f16b12",
            "auto_import": false,
            "aws_service": "",
            "cascade": null,
            "description": "Region 2 Non-Production Subnet 1",
            "id": "ipam-pool-0f74a2cfcf9f16b12",
            "ipam_scope_id": "ipam-scope-0259b5a08dc7d25de",
            "ipam_scope_type": "private",
            "locale": "us-east-2",
            "pool_depth": 3,
            "public_ip_source": "",
            "publicly_advertisable": false,
            "source_ipam_pool_id": "ipam-pool-0a36f55727babcd93",
            "state": "create-complete",
            "tags": {},
            "tags_all": {},
            "timeouts": null
          },
          "sensitive_attributes": [],
          "private": "eyJlMmJmYjczMC1lY2FhLTExZTYtOGY4OC0zNDM2M2JjN2M0YzAiOnsiY3JlYXRlIjoxODAwMDAwMDAwMDAsImRlbGV0ZSI6MTgwMDAwMDAwMDAwLCJ1cGRhdGUiOjE4MDAwMDAwMDAwMH19",
          "dependencies": [
            "aws_vpc_ipam.main_ipam",
            "aws_vpc_ipam_pool.region2",
            "aws_vpc_ipam_pool.region2_nonprod",
            "aws_vpc_ipam_scope.private_scope"
          ]
        }
      ]
    },
    {
      "mode": "managed",
      "type": "aws_vpc_ipam_pool",
      "name": "region2_nonprod_subnet2",
      "provider": "provider[\"registry.terraform.io/hashicorp/aws\"].delegated_account",
      "instances": [
        {
          "schema_version": 0,
          "attributes": {
            "address_family": "ipv4",
            "allocation_default_netmask_length": null,
            "allocation_max_netmask_length": null,
            "allocation_min_netmask_length": null,
            "allocation_resource_tags": {},
            "arn": "arn:aws:ec2::628789204422:ipam-pool/ipam-pool-0ed3c9a67a68f19eb",
            "auto_import": false,
            "aws_service": "",
            "cascade": null,
            "description": "Region 2 Non-Production Subnet 2",
            "id": "ipam-pool-0ed3c9a67a68f19eb",
            "ipam_scope_id": "ipam-scope-0259b5a08dc7d25de",
            "ipam_scope_type": "private",
            "locale": "us-east-2",
            "pool_depth": 3,
            "public_ip_source": "",
            "publicly_advertisable": false,
            "source_ipam_pool_id": "ipam-pool-0a36f55727babcd93",
            "state": "create-complete",
            "tags": {},
            "tags_all": {},
            "timeouts": null
          },
          "sensitive_attributes": [],
          "private": "eyJlMmJmYjczMC1lY2FhLTExZTYtOGY4OC0zNDM2M2JjN2M0YzAiOnsiY3JlYXRlIjoxODAwMDAwMDAwMDAsImRlbGV0ZSI6MTgwMDAwMDAwMDAwLCJ1cGRhdGUiOjE4MDAwMDAwMDAwMH19",
          "dependencies": [
            "aws_vpc_ipam.main_ipam",
            "aws_vpc_ipam_pool.region2",
            "aws_vpc_ipam_pool.region2_nonprod",
            "aws_vpc_ipam_scope.private_scope"
          ]
        }
      ]
    },
    {
      "mode": "managed",
      "type": "aws_vpc_ipam_pool",
      "name": "region2_prod",
      "provider": "provider[\"registry.terraform.io/hashicorp/aws\"].delegated_account",
      "instances": [
        {
          "schema_version": 0,
          "attributes": {
            "address_family": "ipv4",
            "allocation_default_netmask_length": null,
            "allocation_max_netmask_length": null,
            "allocation_min_netmask_length": null,
            "allocation_resource_tags": {},
            "arn": "arn:aws:ec2::628789204422:ipam-pool/ipam-pool-084e88a5e78284bb8",
            "auto_import": false,
            "aws_service": "",
            "cascade": null,
            "description": "Region 2 Production Pool",
            "id": "ipam-pool-084e88a5e78284bb8",
            "ipam_scope_id": "ipam-scope-0259b5a08dc7d25de",
            "ipam_scope_type": "private",
            "locale": "us-east-2",
            "pool_depth": 2,
            "public_ip_source": "",
            "publicly_advertisable": false,
            "source_ipam_pool_id": "ipam-pool-02a01cf60cb372f0f",
            "state": "create-complete",
            "tags": {},
            "tags_all": {},
            "timeouts": null
          },
          "sensitive_attributes": [],
          "private": "eyJlMmJmYjczMC1lY2FhLTExZTYtOGY4OC0zNDM2M2JjN2M0YzAiOnsiY3JlYXRlIjoxODAwMDAwMDAwMDAsImRlbGV0ZSI6MTgwMDAwMDAwMDAwLCJ1cGRhdGUiOjE4MDAwMDAwMDAwMH19",
          "dependencies": [
            "aws_vpc_ipam.main_ipam",
            "aws_vpc_ipam_pool.region2",
            "aws_vpc_ipam_scope.private_scope"
          ]
        }
      ]
    },
    {
      "mode": "managed",
      "type": "aws_vpc_ipam_pool",
      "name": "region2_prod_subnet1",
      "provider": "provider[\"registry.terraform.io/hashicorp/aws\"].delegated_account",
      "instances": [
        {
          "schema_version": 0,
          "attributes": {
            "address_family": "ipv4",
            "allocation_default_netmask_length": null,
            "allocation_max_netmask_length": null,
            "allocation_min_netmask_length": null,
            "allocation_resource_tags": {},
            "arn": "arn:aws:ec2::628789204422:ipam-pool/ipam-pool-04e7aedaee3f72cdb",
            "auto_import": false,
            "aws_service": "",
            "cascade": null,
            "description": "Region 2 Production Subnet 1",
            "id": "ipam-pool-04e7aedaee3f72cdb",
            "ipam_scope_id": "ipam-scope-0259b5a08dc7d25de",
            "ipam_scope_type": "private",
            "locale": "us-east-2",
            "pool_depth": 3,
            "public_ip_source": "",
            "publicly_advertisable": false,
            "source_ipam_pool_id": "ipam-pool-084e88a5e78284bb8",
            "state": "create-complete",
            "tags": {},
            "tags_all": {},
            "timeouts": null
          },
          "sensitive_attributes": [],
          "private": "eyJlMmJmYjczMC1lY2FhLTExZTYtOGY4OC0zNDM2M2JjN2M0YzAiOnsiY3JlYXRlIjoxODAwMDAwMDAwMDAsImRlbGV0ZSI6MTgwMDAwMDAwMDAwLCJ1cGRhdGUiOjE4MDAwMDAwMDAwMH19",
          "dependencies": [
            "aws_vpc_ipam.main_ipam",
            "aws_vpc_ipam_pool.region2",
            "aws_vpc_ipam_pool.region2_prod",
            "aws_vpc_ipam_scope.private_scope"
          ]
        }
      ]
    },
    {
      "mode": "managed",
      "type": "aws_vpc_ipam_pool",
      "name": "region2_prod_subnet2",
      "provider": "provider[\"registry.terraform.io/hashicorp/aws\"].delegated_account",
      "instances": [
        {
          "schema_version": 0,
          "attributes": {
            "address_family": "ipv4",
            "allocation_default_netmask_length": null,
            "allocation_max_netmask_length": null,
            "allocation_min_netmask_length": null,
            "allocation_resource_tags": {},
            "arn": "arn:aws:ec2::628789204422:ipam-pool/ipam-pool-05f7045a251ee7036",
            "auto_import": false,
            "aws_service": "",
            "cascade": null,
            "description": "Region 2 Production Subnet 2",
            "id": "ipam-pool-05f7045a251ee7036",
            "ipam_scope_id": "ipam-scope-0259b5a08dc7d25de",
            "ipam_scope_type": "private",
            "locale": "us-east-2",
            "pool_depth": 3,
            "public_ip_source": "",
            "publicly_advertisable": false,
            "source_ipam_pool_id": "ipam-pool-084e88a5e78284bb8",
            "state": "create-complete",
            "tags": {},
            "tags_all": {},
            "timeouts": null
          },
          "sensitive_attributes": [],
          "private": "eyJlMmJmYjczMC1lY2FhLTExZTYtOGY4OC0zNDM2M2JjN2M0YzAiOnsiY3JlYXRlIjoxODAwMDAwMDAwMDAsImRlbGV0ZSI6MTgwMDAwMDAwMDAwLCJ1cGRhdGUiOjE4MDAwMDAwMDAwMH19",
          "dependencies": [
            "aws_vpc_ipam.main_ipam",
            "aws_vpc_ipam_pool.region2",
            "aws_vpc_ipam_pool.region2_prod",
            "aws_vpc_ipam_scope.private_scope"
          ]
        }
      ]
    },
    {
      "mode": "managed",
      "type": "aws_vpc_ipam_pool_cidr",
      "name": "region1_cidr",
      "provider": "provider[\"registry.terraform.io/hashicorp/aws\"].delegated_account",
      "instances": [
        {
          "schema_version": 0,
          "attributes": {
            "cidr": "10.0.0.0/16",
            "cidr_authorization_context": [],
            "id": "10.0.0.0/16_ipam-pool-0c73fc7683c398187",
            "ipam_pool_cidr_id": "ipam-pool-cidr-02292d05cad6e4eec859952dac2db4001",
            "ipam_pool_id": "ipam-pool-0c73fc7683c398187",
            "netmask_length": null,
            "timeouts": null
          },
          "sensitive_attributes": [],
          "private": "eyJlMmJmYjczMC1lY2FhLTExZTYtOGY4OC0zNDM2M2JjN2M0YzAiOnsiY3JlYXRlIjo2MDAwMDAwMDAwMDAsImRlbGV0ZSI6MTkyMDAwMDAwMDAwMH19",
          "dependencies": [
            "aws_vpc_ipam.main_ipam",
            "aws_vpc_ipam_pool.region1",
            "aws_vpc_ipam_scope.private_scope"
          ]
        }
      ]
    },
    {
      "mode": "managed",
      "type": "aws_vpc_ipam_pool_cidr",
      "name": "region1_nonprod_cidr",
      "provider": "provider[\"registry.terraform.io/hashicorp/aws\"].delegated_account",
      "instances": [
        {
          "schema_version": 0,
          "attributes": {
            "cidr": "10.0.128.0/17",
            "cidr_authorization_context": [],
            "id": "10.0.128.0/17_ipam-pool-0a92df82cc3e1f8cf",
            "ipam_pool_cidr_id": "ipam-pool-cidr-01d407e8baa42470dab4c5225a16950a0",
            "ipam_pool_id": "ipam-pool-0a92df82cc3e1f8cf",
            "netmask_length": null,
            "timeouts": null
          },
          "sensitive_attributes": [],
          "private": "eyJlMmJmYjczMC1lY2FhLTExZTYtOGY4OC0zNDM2M2JjN2M0YzAiOnsiY3JlYXRlIjo2MDAwMDAwMDAwMDAsImRlbGV0ZSI6MTkyMDAwMDAwMDAwMH19",
          "dependencies": [
            "aws_vpc_ipam.main_ipam",
            "aws_vpc_ipam_pool.region1",
            "aws_vpc_ipam_pool.region1_nonprod",
            "aws_vpc_ipam_pool_cidr.region1_cidr",
            "aws_vpc_ipam_scope.private_scope"
          ]
        }
      ]
    },
    {
      "mode": "managed",
      "type": "aws_vpc_ipam_pool_cidr",
      "name": "region1_nonprod_subnet1_cidr",
      "provider": "provider[\"registry.terraform.io/hashicorp/aws\"].delegated_account",
      "instances": [
        {
          "schema_version": 0,
          "attributes": {
            "cidr": "10.0.136.0/21",
            "cidr_authorization_context": [],
            "id": "10.0.136.0/21_ipam-pool-0e457f747cb6b4f87",
            "ipam_pool_cidr_id": "ipam-pool-cidr-0e90c1eb5be694036aa397c27ba9093a4",
            "ipam_pool_id": "ipam-pool-0e457f747cb6b4f87",
            "netmask_length": 21,
            "timeouts": null
          },
          "sensitive_attributes": [],
          "private": "eyJlMmJmYjczMC1lY2FhLTExZTYtOGY4OC0zNDM2M2JjN2M0YzAiOnsiY3JlYXRlIjo2MDAwMDAwMDAwMDAsImRlbGV0ZSI6MTkyMDAwMDAwMDAwMH19",
          "dependencies": [
            "aws_vpc_ipam.main_ipam",
            "aws_vpc_ipam_pool.region1",
            "aws_vpc_ipam_pool.region1_nonprod",
            "aws_vpc_ipam_pool.region1_nonprod_subnet1",
            "aws_vpc_ipam_pool_cidr.region1_cidr",
            "aws_vpc_ipam_pool_cidr.region1_nonprod_cidr",
            "aws_vpc_ipam_scope.private_scope"
          ]
        }
      ]
    },
    {
      "mode": "managed",
      "type": "aws_vpc_ipam_pool_cidr",
      "name": "region1_nonprod_subnet2_cidr",
      "provider": "provider[\"registry.terraform.io/hashicorp/aws\"].delegated_account",
      "instances": [
        {
          "schema_version": 0,
          "attributes": {
            "cidr": "10.0.128.0/21",
            "cidr_authorization_context": [],
            "id": "10.0.128.0/21_ipam-pool-06f0218ddd30fa8bf",
            "ipam_pool_cidr_id": "ipam-pool-cidr-0edb21486d26a4ff5a8b7dc7e887449fd",
            "ipam_pool_id": "ipam-pool-06f0218ddd30fa8bf",
            "netmask_length": 21,
            "timeouts": null
          },
          "sensitive_attributes": [],
          "private": "eyJlMmJmYjczMC1lY2FhLTExZTYtOGY4OC0zNDM2M2JjN2M0YzAiOnsiY3JlYXRlIjo2MDAwMDAwMDAwMDAsImRlbGV0ZSI6MTkyMDAwMDAwMDAwMH19",
          "dependencies": [
            "aws_vpc_ipam.main_ipam",
            "aws_vpc_ipam_pool.region1",
            "aws_vpc_ipam_pool.region1_nonprod",
            "aws_vpc_ipam_pool.region1_nonprod_subnet2",
            "aws_vpc_ipam_pool_cidr.region1_cidr",
            "aws_vpc_ipam_pool_cidr.region1_nonprod_cidr",
            "aws_vpc_ipam_scope.private_scope"
          ]
        }
      ]
    },
    {
      "mode": "managed",
      "type": "aws_vpc_ipam_pool_cidr",
      "name": "region1_prod_cidr",
      "provider": "provider[\"registry.terraform.io/hashicorp/aws\"].delegated_account",
      "instances": [
        {
          "schema_version": 0,
          "attributes": {
            "cidr": "10.0.0.0/17",
            "cidr_authorization_context": [],
            "id": "10.0.0.0/17_ipam-pool-08f6531d08d2924a4",
            "ipam_pool_cidr_id": "ipam-pool-cidr-0ebc28c7793134b0cbf48d9d08b83f868",
            "ipam_pool_id": "ipam-pool-08f6531d08d2924a4",
            "netmask_length": null,
            "timeouts": null
          },
          "sensitive_attributes": [],
          "private": "eyJlMmJmYjczMC1lY2FhLTExZTYtOGY4OC0zNDM2M2JjN2M0YzAiOnsiY3JlYXRlIjo2MDAwMDAwMDAwMDAsImRlbGV0ZSI6MTkyMDAwMDAwMDAwMH19",
          "dependencies": [
            "aws_vpc_ipam.main_ipam",
            "aws_vpc_ipam_pool.region1",
            "aws_vpc_ipam_pool.region1_prod",
            "aws_vpc_ipam_pool_cidr.region1_cidr",
            "aws_vpc_ipam_scope.private_scope"
          ]
        }
      ]
    },
    {
      "mode": "managed",
      "type": "aws_vpc_ipam_pool_cidr",
      "name": "region1_prod_subnet1_cidr",
      "provider": "provider[\"registry.terraform.io/hashicorp/aws\"].delegated_account",
      "instances": [
        {
          "schema_version": 0,
          "attributes": {
            "cidr": "10.0.0.0/21",
            "cidr_authorization_context": [],
            "id": "10.0.0.0/21_ipam-pool-09426af118bdbde22",
            "ipam_pool_cidr_id": "ipam-pool-cidr-084384e0feab04a15af21e9806c430782",
            "ipam_pool_id": "ipam-pool-09426af118bdbde22",
            "netmask_length": 21,
            "timeouts": null
          },
          "sensitive_attributes": [],
          "private": "eyJlMmJmYjczMC1lY2FhLTExZTYtOGY4OC0zNDM2M2JjN2M0YzAiOnsiY3JlYXRlIjo2MDAwMDAwMDAwMDAsImRlbGV0ZSI6MTkyMDAwMDAwMDAwMH19",
          "dependencies": [
            "aws_vpc_ipam.main_ipam",
            "aws_vpc_ipam_pool.region1",
            "aws_vpc_ipam_pool.region1_prod",
            "aws_vpc_ipam_pool.region1_prod_subnet1",
            "aws_vpc_ipam_pool_cidr.region1_cidr",
            "aws_vpc_ipam_pool_cidr.region1_prod_cidr",
            "aws_vpc_ipam_scope.private_scope"
          ]
        }
      ]
    },
    {
      "mode": "managed",
      "type": "aws_vpc_ipam_pool_cidr",
      "name": "region1_prod_subnet2_cidr",
      "provider": "provider[\"registry.terraform.io/hashicorp/aws\"].delegated_account",
      "instances": [
        {
          "schema_version": 0,
          "attributes": {
            "cidr": "10.0.8.0/21",
            "cidr_authorization_context": [],
            "id": "10.0.8.0/21_ipam-pool-048780e45f8762807",
            "ipam_pool_cidr_id": "ipam-pool-cidr-0c9069bc726bf41cbac2fe7bb5dc31e88",
            "ipam_pool_id": "ipam-pool-048780e45f8762807",
            "netmask_length": 21,
            "timeouts": null
          },
          "sensitive_attributes": [],
          "private": "eyJlMmJmYjczMC1lY2FhLTExZTYtOGY4OC0zNDM2M2JjN2M0YzAiOnsiY3JlYXRlIjo2MDAwMDAwMDAwMDAsImRlbGV0ZSI6MTkyMDAwMDAwMDAwMH19",
          "dependencies": [
            "aws_vpc_ipam.main_ipam",
            "aws_vpc_ipam_pool.region1",
            "aws_vpc_ipam_pool.region1_prod",
            "aws_vpc_ipam_pool.region1_prod_subnet2",
            "aws_vpc_ipam_pool_cidr.region1_cidr",
            "aws_vpc_ipam_pool_cidr.region1_prod_cidr",
            "aws_vpc_ipam_scope.private_scope"
          ]
        }
      ]
    },
    {
      "mode": "managed",
      "type": "aws_vpc_ipam_pool_cidr",
      "name": "region2_cidr",
      "provider": "provider[\"registry.terraform.io/hashicorp/aws\"].delegated_account",
      "instances": [
        {
          "schema_version": 0,
          "attributes": {
            "cidr": "10.1.0.0/16",
            "cidr_authorization_context": [],
            "id": "10.1.0.0/16_ipam-pool-02a01cf60cb372f0f",
            "ipam_pool_cidr_id": "ipam-pool-cidr-0945a213a0b4b4d7eae6b44e74c2cd66a",
            "ipam_pool_id": "ipam-pool-02a01cf60cb372f0f",
            "netmask_length": null,
            "timeouts": null
          },
          "sensitive_attributes": [],
          "private": "eyJlMmJmYjczMC1lY2FhLTExZTYtOGY4OC0zNDM2M2JjN2M0YzAiOnsiY3JlYXRlIjo2MDAwMDAwMDAwMDAsImRlbGV0ZSI6MTkyMDAwMDAwMDAwMH19",
          "dependencies": [
            "aws_vpc_ipam.main_ipam",
            "aws_vpc_ipam_pool.region2",
            "aws_vpc_ipam_scope.private_scope"
          ]
        }
      ]
    },
    {
      "mode": "managed",
      "type": "aws_vpc_ipam_pool_cidr",
      "name": "region2_nonprod_cidr",
      "provider": "provider[\"registry.terraform.io/hashicorp/aws\"].delegated_account",
      "instances": [
        {
          "schema_version": 0,
          "attributes": {
            "cidr": "10.1.128.0/17",
            "cidr_authorization_context": [],
            "id": "10.1.128.0/17_ipam-pool-0a36f55727babcd93",
            "ipam_pool_cidr_id": "ipam-pool-cidr-0bea23d144c8a4bae82ac7db202453a8f",
            "ipam_pool_id": "ipam-pool-0a36f55727babcd93",
            "netmask_length": null,
            "timeouts": null
          },
          "sensitive_attributes": [],
          "private": "eyJlMmJmYjczMC1lY2FhLTExZTYtOGY4OC0zNDM2M2JjN2M0YzAiOnsiY3JlYXRlIjo2MDAwMDAwMDAwMDAsImRlbGV0ZSI6MTkyMDAwMDAwMDAwMH19",
          "dependencies": [
            "aws_vpc_ipam.main_ipam",
            "aws_vpc_ipam_pool.region2",
            "aws_vpc_ipam_pool.region2_nonprod",
            "aws_vpc_ipam_pool_cidr.region2_cidr",
            "aws_vpc_ipam_scope.private_scope"
          ]
        }
      ]
    },
    {
      "mode": "managed",
      "type": "aws_vpc_ipam_pool_cidr",
      "name": "region2_nonprod_subnet1_cidr",
      "provider": "provider[\"registry.terraform.io/hashicorp/aws\"].delegated_account",
      "instances": [
        {
          "schema_version": 0,
          "attributes": {
            "cidr": "10.1.136.0/21",
            "cidr_authorization_context": [],
            "id": "10.1.136.0/21_ipam-pool-0f74a2cfcf9f16b12",
            "ipam_pool_cidr_id": "ipam-pool-cidr-0fd5f1f8090364f62a1003fe7d9a02f80",
            "ipam_pool_id": "ipam-pool-0f74a2cfcf9f16b12",
            "netmask_length": 21,
            "timeouts": null
          },
          "sensitive_attributes": [],
          "private": "eyJlMmJmYjczMC1lY2FhLTExZTYtOGY4OC0zNDM2M2JjN2M0YzAiOnsiY3JlYXRlIjo2MDAwMDAwMDAwMDAsImRlbGV0ZSI6MTkyMDAwMDAwMDAwMH19",
          "dependencies": [
            "aws_vpc_ipam.main_ipam",
            "aws_vpc_ipam_pool.region2",
            "aws_vpc_ipam_pool.region2_nonprod",
            "aws_vpc_ipam_pool.region2_nonprod_subnet1",
            "aws_vpc_ipam_pool_cidr.region2_cidr",
            "aws_vpc_ipam_pool_cidr.region2_nonprod_cidr",
            "aws_vpc_ipam_scope.private_scope"
          ]
        }
      ]
    },
    {
      "mode": "managed",
      "type": "aws_vpc_ipam_pool_cidr",
      "name": "region2_nonprod_subnet2_cidr",
      "provider": "provider[\"registry.terraform.io/hashicorp/aws\"].delegated_account",
      "instances": [
        {
          "schema_version": 0,
          "attributes": {
            "cidr": "10.1.128.0/21",
            "cidr_authorization_context": [],
            "id": "10.1.128.0/21_ipam-pool-0ed3c9a67a68f19eb",
            "ipam_pool_cidr_id": "ipam-pool-cidr-0176abe9e45f148249943c71b62ae0183",
            "ipam_pool_id": "ipam-pool-0ed3c9a67a68f19eb",
            "netmask_length": 21,
            "timeouts": null
          },
          "sensitive_attributes": [],
          "private": "eyJlMmJmYjczMC1lY2FhLTExZTYtOGY4OC0zNDM2M2JjN2M0YzAiOnsiY3JlYXRlIjo2MDAwMDAwMDAwMDAsImRlbGV0ZSI6MTkyMDAwMDAwMDAwMH19",
          "dependencies": [
            "aws_vpc_ipam.main_ipam",
            "aws_vpc_ipam_pool.region2",
            "aws_vpc_ipam_pool.region2_nonprod",
            "aws_vpc_ipam_pool.region2_nonprod_subnet2",
            "aws_vpc_ipam_pool_cidr.region2_cidr",
            "aws_vpc_ipam_pool_cidr.region2_nonprod_cidr",
            "aws_vpc_ipam_scope.private_scope"
          ]
        }
      ]
    },
    {
      "mode": "managed",
      "type": "aws_vpc_ipam_pool_cidr",
      "name": "region2_prod_cidr",
      "provider": "provider[\"registry.terraform.io/hashicorp/aws\"].delegated_account",
      "instances": [
        {
          "schema_version": 0,
          "attributes": {
            "cidr": "10.1.0.0/17",
            "cidr_authorization_context": [],
            "id": "10.1.0.0/17_ipam-pool-084e88a5e78284bb8",
            "ipam_pool_cidr_id": "ipam-pool-cidr-09516f5a9cf644b6d829d7469a569628c",
            "ipam_pool_id": "ipam-pool-084e88a5e78284bb8",
            "netmask_length": null,
            "timeouts": null
          },
          "sensitive_attributes": [],
          "private": "eyJlMmJmYjczMC1lY2FhLTExZTYtOGY4OC0zNDM2M2JjN2M0YzAiOnsiY3JlYXRlIjo2MDAwMDAwMDAwMDAsImRlbGV0ZSI6MTkyMDAwMDAwMDAwMH19",
          "dependencies": [
            "aws_vpc_ipam.main_ipam",
            "aws_vpc_ipam_pool.region2",
            "aws_vpc_ipam_pool.region2_prod",
            "aws_vpc_ipam_pool_cidr.region2_cidr",
            "aws_vpc_ipam_scope.private_scope"
          ]
        }
      ]
    },
    {
      "mode": "managed",
      "type": "aws_vpc_ipam_pool_cidr",
      "name": "region2_prod_subnet1_cidr",
      "provider": "provider[\"registry.terraform.io/hashicorp/aws\"].delegated_account",
      "instances": [
        {
          "schema_version": 0,
          "attributes": {
            "cidr": "10.1.8.0/21",
            "cidr_authorization_context": [],
            "id": "10.1.8.0/21_ipam-pool-04e7aedaee3f72cdb",
            "ipam_pool_cidr_id": "ipam-pool-cidr-029721c4bb7c342b598cecf88debd9e51",
            "ipam_pool_id": "ipam-pool-04e7aedaee3f72cdb",
            "netmask_length": 21,
            "timeouts": null
          },
          "sensitive_attributes": [],
          "private": "eyJlMmJmYjczMC1lY2FhLTExZTYtOGY4OC0zNDM2M2JjN2M0YzAiOnsiY3JlYXRlIjo2MDAwMDAwMDAwMDAsImRlbGV0ZSI6MTkyMDAwMDAwMDAwMH19",
          "dependencies": [
            "aws_vpc_ipam.main_ipam",
            "aws_vpc_ipam_pool.region2",
            "aws_vpc_ipam_pool.region2_prod",
            "aws_vpc_ipam_pool.region2_prod_subnet1",
            "aws_vpc_ipam_pool_cidr.region2_cidr",
            "aws_vpc_ipam_pool_cidr.region2_prod_cidr",
            "aws_vpc_ipam_scope.private_scope"
          ]
        }
      ]
    },
    {
      "mode": "managed",
      "type": "aws_vpc_ipam_pool_cidr",
      "name": "region2_prod_subnet2_cidr",
      "provider": "provider[\"registry.terraform.io/hashicorp/aws\"].delegated_account",
      "instances": [
        {
          "schema_version": 0,
          "attributes": {
            "cidr": "10.1.0.0/21",
            "cidr_authorization_context": [],
            "id": "10.1.0.0/21_ipam-pool-05f7045a251ee7036",
            "ipam_pool_cidr_id": "ipam-pool-cidr-061a8e808bfcb405a8700980128d7a6cf",
            "ipam_pool_id": "ipam-pool-05f7045a251ee7036",
            "netmask_length": 21,
            "timeouts": null
          },
          "sensitive_attributes": [],
          "private": "eyJlMmJmYjczMC1lY2FhLTExZTYtOGY4OC0zNDM2M2JjN2M0YzAiOnsiY3JlYXRlIjo2MDAwMDAwMDAwMDAsImRlbGV0ZSI6MTkyMDAwMDAwMDAwMH19",
          "dependencies": [
            "aws_vpc_ipam.main_ipam",
            "aws_vpc_ipam_pool.region2",
            "aws_vpc_ipam_pool.region2_prod",
            "aws_vpc_ipam_pool.region2_prod_subnet2",
            "aws_vpc_ipam_pool_cidr.region2_cidr",
            "aws_vpc_ipam_pool_cidr.region2_prod_cidr",
            "aws_vpc_ipam_scope.private_scope"
          ]
        }
      ]
    },
    {
      "mode": "managed",
      "type": "aws_vpc_ipam_scope",
      "name": "private_scope",
      "provider": "provider[\"registry.terraform.io/hashicorp/aws\"].delegated_account",
      "instances": [
        {
          "schema_version": 0,
          "attributes": {
            "arn": "arn:aws:ec2::628789204422:ipam-scope/ipam-scope-0259b5a08dc7d25de",
            "description": "Private IPAM Scope",
            "id": "ipam-scope-0259b5a08dc7d25de",
            "ipam_arn": "arn:aws:ec2::628789204422:ipam/ipam-00a8640bb0f9d22d2",
            "ipam_id": "ipam-00a8640bb0f9d22d2",
            "ipam_scope_type": "private",
            "is_default": false,
            "pool_count": 14,
            "tags": {},
            "tags_all": {},
            "timeouts": null
          },
          "sensitive_attributes": [],
          "private": "eyJlMmJmYjczMC1lY2FhLTExZTYtOGY4OC0zNDM2M2JjN2M0YzAiOnsiY3JlYXRlIjoxODAwMDAwMDAwMDAsImRlbGV0ZSI6MTgwMDAwMDAwMDAwLCJ1cGRhdGUiOjE4MDAwMDAwMDAwMH19",
          "dependencies": [
            "aws_vpc_ipam.main_ipam"
          ]
        }
      ]
    },
    {
      "mode": "managed",
      "type": "local_file",
      "name": "private_key",
      "provider": "provider[\"registry.terraform.io/hashicorp/local\"]",
      "instances": [
        {
          "schema_version": 0,
          "attributes": {
            "content": "-----BEGIN RSA PRIVATE KEY-----\nMIIJKAIBAAKCAgEAoYpeMVmsuDYU//WnUu3GcJdiv5FXZ6TiFKxhueOrjelrOndm\nbRdRjdfH58ewgRuR6ZHcUb+/wISyjBsaMmh6JdfSjj6b83PMYb1yZFhgn4J8w4nX\n8ugaOiahdRfxCy9j85KDEf6T9xGcWiCBLC3kkSXNMbnJNWeAWmJvzgoPWC81PoVC\nU3YhxIwnvoMoLey+KBtNw1qdP7XTFZopFNBKnukz7WzAuAb7bMfiO6AKtYOhkiD/\nFV4RWhEaVKym+qE3QNSudC7MuSxTEgEqo1JOmOM9jfSfYMeAX15TDy9tsLIjGm1Z\nxbHiIUUg8+v/PC6iYIvy4edaGhNryIKhu9TmWXuxS/Dqcaaru8v/TVlpz9yjT+PL\nCWoblvZ5dBaNS2noecL3XPUX5bgR0fPQaezT6Xzwu30P6KIwBr7RrqtmfFWeEWtc\nKPasRJTLeFNyQcO93ibLc3NgCnuA4yOMOGAo/PHjm+S7TI/GGJp1KOmiy7dGj1eZ\ngvlpLRouK5z8dKUbHL0NC8MtjTD8i54Gv6T7slHKqJM0OLKSQP4GDAzidT6f7tdA\ntx7hqZiwLvtzyUZJDVKm6QtDIlvOR1ZYTa+8K0ey4OPvtrV/spE3GAuBbULljYkv\nj6WVI/7Qu/o2zfM7+XyuZLE7AYziAgSVgb/s12/4S/PGMJoPulCxLCDNt0UCAwEA\nAQKCAgAW+4SjKMr1+lvKfryrg8CzzBX0g00YJdE0d8H/nHCP5CGpU8tywdqMf6Kl\nSzfFZpK/1EywJMO3NCni3QhBG7QlJiuCqU2uuU7eqQFZXWmByCLP/xCGMpdopo5a\nBmn42WkzAik7qiiLAipoeC9oha77J5Gl/XSu8GbGdTLK8Yt1VGIS3wqsrSXovLf6\n1tYkkoYLVrcdkArHQasia6hkma3EJhGJOevBQt0KgPWi3gYoBO47yA4CkDuPwNcq\nLNYk2kLuKlQXm4Ds5216JkhWrCMahVoAlEkIj9mnt9fBVVIZzX5JCD25brFpYlhp\n262YdloLul133l5nT1QKVuuDuap73ro6l1AsFnYxgU99eMVJVnggbTNDfxQnfTBW\nLcBbKAzXjRCQxof/cZvC4BpTz9GbkchJEZ8xZKTNp/RescEyeenCs4I4KSnRl7ig\naVayuSNxuBEYh2NE5LvSo93GrVFlDc+HuUgcnavmvUKViYrXJ4FQrqmA0G8y2xUk\n8vHcd8sg41oet1u95doyKlNEF9/RWnLF5Nqe8+icnTR///Ki0UOU048wwqpcbCQN\nuwaHt4EuR/ajnV86e53WAx+m3PMEvffk+5M4cpq4tFvP7mtHfv+jogpBQERw8utm\nnik21z9lFxcU6ALqbDq3grcwCwKJCDcVD+ANROoJ++/MlOEpAQKCAQEA1Ymvjs3Z\nROmLJAN8j9mVAlPs/y8pqs+Oe7zQDllZl1M7QedqLo8ojjXV3oqZzVIT17QTQ3dL\ncPBFQeGcnu2N55burjjBG6OuW1Ay4XI5t1FleqpRuuccrS9zSn+/4sKm0JCrh6QA\n34U0Q0iU8N4bgM6wXuaX62chIadPO4dpB2TGePh71N7n2lhj3PwgXyGcogTbPlRm\n/UlCtOK0+EilFiJwFBKO3Bb2AbSs7O19w9Fwk0OkdLlbl1FN+LovlxvYTNcGeEbL\neUTD3E+Km8EpEt8P0kPEzBwnJK5L0CMROfVhF9H1Ziu4vf11YRlOx5JOfFtELDxh\n4ewZpvLtmTC5lQKCAQEAwam3W45jtCyALrXkG/cv4IelhRIGj4h5x/KxCzVY76+5\nA/gtAdFjZKMVIHEWBajWwqx9V1nud3nmQiBSBJFqchW5tk3Ojt7/ZM0WKr+sPXSh\nNf3Ag1Kz0ZfZ8kv9Lqdlox6694IaN/tcrQUvJlW/Mbugl43r/WyYe6gi/sIMVuME\nROBWyCF5QVUw9wkgx3JghkF0Yl5Xg6gWLW6JXhxRbIPq2lpMO3Usb/tYycR9bHpP\nEg9fttu1jo5IFU7FH0YcsyBNa8ObA3lU3ktDywlbTEYd5tzEFLstoaziVquYsFGR\nhEQb2g46qhIGEJOEEd8zivKoexH1PbRL0xkN+AZ68QKCAQABbwM2ujsTM14zx7I2\nZQeTFG0q6W4mL26Ndh8PeZoYYf6r2pnj5iInkkT1UYjmz/5CHHtkoJBpGbPdVV5v\n0rh5LZI8qTTisp6hDlDJIrMwf+Nmh241CwguQXtMrL7lDtl/3PjJ2FgJKCPJr9sQ\nIu2cV8bnXDT456BZUX4+sBIMcqjCdyidrUFxPdatzSOKf/dFPzMZoAdw++Tuwfbl\nE9fH5kNKXzWGVMEiEcx3asDFZ8qRsoqQHg53XZxgZx+arB0vpuHsPM1w6v1FpWMQ\n2KMl9Ult5/aSSD4bCPCJXTLoaLVWK5qyLOj4nZMEK99Th6/vNc2nXmBp2+PwMwFV\nXfZhAoIBAChuOBtjJKmOyMv3qUG1X0duyj13v+rjQRlfL1r5rjGL7AJKI4tHnYp7\nCYQWV9SipQNLY3eDDOfgiROxD65odWKP6o+GuuLU51iyADi4f0rtOGK/MRu5flT5\ncMTG3HqK9AsT9VCK1tJtJbHxbSCBskK9uw8oz+W+cC8QsQ2ikVTqXA/NDhEF+/yJ\nvok0XKWG2WPt8lA/BeI0izy84OzG2LDg8XzYcSXQlpBiVuz4mn61IiDRGNhiEgtK\n5P2dzkVzK7axvbgLxCb7g55M9EBFGcxYrxFtcXoqgaJJJ4+Uj3Hv9YM5fN8PLWwo\nCyAWy/G3OVl+w3G+FAbnxxSxHFt1buECggEBAIkBcgcTi4SthqdEiyOlaF9wmbMk\ntJDy8bgqJHE2Hp8jGE/EP+LvkU9AAsPavQ9Axt0wdOv2oU46BIriulPk1qlG9OQ0\nTaOoKe+OEUzLqL+yJcsWSi+1P+x5XWUkP0WpAPPt4d/2Qv2zhjGd6oY7U4HGdE1L\nQkKuaBQDEyL8zWxRzvdSTxmgb6SKd6vGtPBx9yZlyyBrsutRzCq4b5wzAH4wVM/H\nz8BK46wnzfB1b2iSLMaXFOR6E1CRNwK/hGewh/xilxq3unLG08LofE8sMaHYBUbr\n6t+roGJ393D0PP0ef2ngPXncaZIwvv70gsNVmalUGSLA8+U9OXuCNIf3yY8=\n-----END RSA PRIVATE KEY-----\n",
            "content_base64": null,
            "content_base64sha256": "LH+//IEUri7eYNP4bSP0NXkfZgShH55uDFmS2z67tFU=",
            "content_base64sha512": "J/j9HfGBs77Y3RFPuGZkwC6ZPR+XR11Z4DRuhRA/y+PBLTvyz0r1Ht1+MGnvZNLfITXbWls8mhsmrpDtgAHekQ==",
            "content_md5": "b05e66753ebad1a4a04a77b70b7368cd",
            "content_sha1": "cc5e10acd6f9b4311abe7ceafdd6562c90f83d64",
            "content_sha256": "2c7fbffc8114ae2ede60d3f86d23f435791f6604a11f9e6e0c5992db3ebbb455",
            "content_sha512": "27f8fd1df181b3bed8dd114fb86664c02e993d1f97475d59e0346e85103fcbe3c12d3bf2cf4af51edd7e3069ef64d2df2135db5a5b3c9a1b26ae90ed8001de91",
            "directory_permission": "0777",
            "file_permission": "0400",
            "filename": "./tfg-test-key.pem",
            "id": "cc5e10acd6f9b4311abe7ceafdd6562c90f83d64",
            "sensitive_content": null,
            "source": null
          },
          "sensitive_attributes": [
            [
              {
                "type": "get_attr",
                "value": "content"
              }
            ],
            [
              {
                "type": "get_attr",
                "value": "sensitive_content"
              }
            ]
          ],
          "dependencies": [
            "tls_private_key.ssh_key"
          ]
        }
      ]
    },
    {
      "mode": "managed",
      "type": "time_sleep",
      "name": "wait_for_account_ready",
      "provider": "provider[\"registry.terraform.io/hashicorp/time\"]",
      "instances": [
        {
          "schema_version": 0,
          "attributes": {
            "create_duration": "120s",
            "destroy_duration": null,
            "id": "2025-04-08T19:18:44Z",
            "triggers": null
          },
          "sensitive_attributes": [],
          "dependencies": [
            "aws_organizations_account.tfg-test-account1",
            "aws_organizations_organizational_unit.tfg-sandbox_ou"
          ]
        }
      ]
    },
    {
      "mode": "managed",
      "type": "tls_private_key",
      "name": "ssh_key",
      "provider": "provider[\"registry.terraform.io/hashicorp/tls\"]",
      "instances": [
        {
          "schema_version": 1,
          "attributes": {
            "algorithm": "RSA",
            "ecdsa_curve": "P224",
            "id": "0da78905697a0b9e3cdd255923c36fe7b59bd24c",
            "private_key_openssh": "-----BEGIN OPENSSH PRIVATE KEY-----\nb3BlbnNzaC1rZXktdjEAAAAABG5vbmUAAAAEbm9uZQAAAAAAAAABAAACFwAAAAdz\nc2gtcnNhAAAAAwEAAQAAAgEAoYpeMVmsuDYU//WnUu3GcJdiv5FXZ6TiFKxhueOr\njelrOndmbRdRjdfH58ewgRuR6ZHcUb+/wISyjBsaMmh6JdfSjj6b83PMYb1yZFhg\nn4J8w4nX8ugaOiahdRfxCy9j85KDEf6T9xGcWiCBLC3kkSXNMbnJNWeAWmJvzgoP\nWC81PoVCU3YhxIwnvoMoLey+KBtNw1qdP7XTFZopFNBKnukz7WzAuAb7bMfiO6AK\ntYOhkiD/FV4RWhEaVKym+qE3QNSudC7MuSxTEgEqo1JOmOM9jfSfYMeAX15TDy9t\nsLIjGm1ZxbHiIUUg8+v/PC6iYIvy4edaGhNryIKhu9TmWXuxS/Dqcaaru8v/TVlp\nz9yjT+PLCWoblvZ5dBaNS2noecL3XPUX5bgR0fPQaezT6Xzwu30P6KIwBr7Rrqtm\nfFWeEWtcKPasRJTLeFNyQcO93ibLc3NgCnuA4yOMOGAo/PHjm+S7TI/GGJp1KOmi\ny7dGj1eZgvlpLRouK5z8dKUbHL0NC8MtjTD8i54Gv6T7slHKqJM0OLKSQP4GDAzi\ndT6f7tdAtx7hqZiwLvtzyUZJDVKm6QtDIlvOR1ZYTa+8K0ey4OPvtrV/spE3GAuB\nbULljYkvj6WVI/7Qu/o2zfM7+XyuZLE7AYziAgSVgb/s12/4S/PGMJoPulCxLCDN\nt0UAAAc4n/3xGJ/98RgAAAAHc3NoLXJzYQAAAgEAoYpeMVmsuDYU//WnUu3GcJdi\nv5FXZ6TiFKxhueOrjelrOndmbRdRjdfH58ewgRuR6ZHcUb+/wISyjBsaMmh6JdfS\njj6b83PMYb1yZFhgn4J8w4nX8ugaOiahdRfxCy9j85KDEf6T9xGcWiCBLC3kkSXN\nMbnJNWeAWmJvzgoPWC81PoVCU3YhxIwnvoMoLey+KBtNw1qdP7XTFZopFNBKnukz\n7WzAuAb7bMfiO6AKtYOhkiD/FV4RWhEaVKym+qE3QNSudC7MuSxTEgEqo1JOmOM9\njfSfYMeAX15TDy9tsLIjGm1ZxbHiIUUg8+v/PC6iYIvy4edaGhNryIKhu9TmWXux\nS/Dqcaaru8v/TVlpz9yjT+PLCWoblvZ5dBaNS2noecL3XPUX5bgR0fPQaezT6Xzw\nu30P6KIwBr7RrqtmfFWeEWtcKPasRJTLeFNyQcO93ibLc3NgCnuA4yOMOGAo/PHj\nm+S7TI/GGJp1KOmiy7dGj1eZgvlpLRouK5z8dKUbHL0NC8MtjTD8i54Gv6T7slHK\nqJM0OLKSQP4GDAzidT6f7tdAtx7hqZiwLvtzyUZJDVKm6QtDIlvOR1ZYTa+8K0ey\n4OPvtrV/spE3GAuBbULljYkvj6WVI/7Qu/o2zfM7+XyuZLE7AYziAgSVgb/s12/4\nS/PGMJoPulCxLCDNt0UAAAADAQABAAACABb7hKMoyvX6W8p+vKuDwLPMFfSDTRgl\n0TR3wf+ccI/kIalTy3LB2ox/oqVLN8Vmkr/UTLAkw7c0KeLdCEEbtCUmK4KpTa65\nTt6pAVldaYHIIs//EIYyl2imjloGafjZaTMCKTuqKIsCKmh4L2iFrvsnkaX9dK7w\nZsZ1Msrxi3VUYhLfCqytJei8t/rW1iSShgtWtx2QCsdBqyJrqGSZrcQmEYk568FC\n3QqA9aLeBigE7jvIDgKQO4/A1yos1iTaQu4qVBebgOznbXomSFasIxqFWgCUSQiP\n2ae318FVUhnNfkkIPblusWliWGnbrZh2Wgu6XXfeXmdPVApW64O5qnveujqXUCwW\ndjGBT314xUlWeCBtM0N/FCd9MFYtwFsoDNeNEJDGh/9xm8LgGlPP0ZuRyEkRnzFk\npM2n9F6xwTJ56cKzgjgpKdGXuKBpVrK5I3G4ERiHY0Tku9Kj3catUWUNz4e5SByd\nq+a9QpWJitcngVCuqYDQbzLbFSTy8dx3yyDjWh63W73l2jIqU0QX39FacsXk2p7z\n6JydNH//8qLRQ5TTjzDCqlxsJA27Boe3gS5H9qOdXzp7ndYDH6bc8wS99+T7kzhy\nmri0W8/ua0d+/6OiCkFARHDy62aeKTbXP2UXFxToAupsOreCtzALAokINxUP4A1E\n6gn778yU4SkBAAABAQCJAXIHE4uErYanRIsjpWhfcJmzJLSQ8vG4KiRxNh6fIxhP\nxD/i75FPQALD2r0PQMbdMHTr9qFOOgSK4rpT5NapRvTkNE2jqCnvjhFMy6i/siXL\nFkovtT/seV1lJD9FqQDz7eHf9kL9s4YxneqGO1OBxnRNS0JCrmgUAxMi/M1sUc73\nUk8ZoG+kinerxrTwcfcmZcsga7LrUcwquG+cMwB+MFTPx8/ASuOsJ83wdW9okizG\nlxTkehNQkTcCv4RnsIf8Ypcat7pyxtPC6HxPLDGh2AVG6+rfq6Bid/dw9Dz9Hn9p\n4D153GmSML7+9ILDVZmpVBkiwPPlPTl7gjSH98mPAAABAQDVia+OzdlE6YskA3yP\n2ZUCU+z/Lymqz457vNAOWVmXUztB52oujyiONdXeipnNUhPXtBNDd0tw8EVB4Zye\n7Y3nlu6uOMEbo65bUDLhcjm3UWV6qlG65xytL3NKf7/iwqbQkKuHpADfhTRDSJTw\n3huAzrBe5pfrZyEhp087h2kHZMZ4+HvU3ufaWGPc/CBfIZyiBNs+VGb9SUK04rT4\nSKUWInAUEo7cFvYBtKzs7X3D0XCTQ6R0uVuXUU34ui+XG9hM1wZ4Rst5RMPcT4qb\nwSkS3w/SQ8TMHCckrkvQIxE59WEX0fVmK7i9/XVhGU7Hkk58W0QsPGHh7Bmm8u2Z\nMLmVAAABAQDBqbdbjmO0LIAuteQb9y/gh6WFEgaPiHnH8rELNVjvr7kD+C0B0WNk\noxUgcRYFqNbCrH1XWe53eeZCIFIEkWpyFbm2Tc6O3v9kzRYqv6w9dKE1/cCDUrPR\nl9nyS/0up2WjHrr3gho3+1ytBS8mVb8xu6CXjev9bJh7qCL+wgxW4wRE4FbIIXlB\nVTD3CSDHcmCGQXRiXleDqBYtboleHFFsg+raWkw7dSxv+1jJxH1sek8SD1+227WO\njkgVTsUfRhyzIE1rw5sDeVTeS0PLCVtMRh3m3MQUuy2hrOJWq5iwUZGERBvaDjqq\nEgYQk4QR3zOK8qh7EfU9tEvTGQ34BnrxAAAAAAEC\n-----END OPENSSH PRIVATE KEY-----\n",
            "private_key_pem": "-----BEGIN RSA PRIVATE KEY-----\nMIIJKAIBAAKCAgEAoYpeMVmsuDYU//WnUu3GcJdiv5FXZ6TiFKxhueOrjelrOndm\nbRdRjdfH58ewgRuR6ZHcUb+/wISyjBsaMmh6JdfSjj6b83PMYb1yZFhgn4J8w4nX\n8ugaOiahdRfxCy9j85KDEf6T9xGcWiCBLC3kkSXNMbnJNWeAWmJvzgoPWC81PoVC\nU3YhxIwnvoMoLey+KBtNw1qdP7XTFZopFNBKnukz7WzAuAb7bMfiO6AKtYOhkiD/\nFV4RWhEaVKym+qE3QNSudC7MuSxTEgEqo1JOmOM9jfSfYMeAX15TDy9tsLIjGm1Z\nxbHiIUUg8+v/PC6iYIvy4edaGhNryIKhu9TmWXuxS/Dqcaaru8v/TVlpz9yjT+PL\nCWoblvZ5dBaNS2noecL3XPUX5bgR0fPQaezT6Xzwu30P6KIwBr7RrqtmfFWeEWtc\nKPasRJTLeFNyQcO93ibLc3NgCnuA4yOMOGAo/PHjm+S7TI/GGJp1KOmiy7dGj1eZ\ngvlpLRouK5z8dKUbHL0NC8MtjTD8i54Gv6T7slHKqJM0OLKSQP4GDAzidT6f7tdA\ntx7hqZiwLvtzyUZJDVKm6QtDIlvOR1ZYTa+8K0ey4OPvtrV/spE3GAuBbULljYkv\nj6WVI/7Qu/o2zfM7+XyuZLE7AYziAgSVgb/s12/4S/PGMJoPulCxLCDNt0UCAwEA\nAQKCAgAW+4SjKMr1+lvKfryrg8CzzBX0g00YJdE0d8H/nHCP5CGpU8tywdqMf6Kl\nSzfFZpK/1EywJMO3NCni3QhBG7QlJiuCqU2uuU7eqQFZXWmByCLP/xCGMpdopo5a\nBmn42WkzAik7qiiLAipoeC9oha77J5Gl/XSu8GbGdTLK8Yt1VGIS3wqsrSXovLf6\n1tYkkoYLVrcdkArHQasia6hkma3EJhGJOevBQt0KgPWi3gYoBO47yA4CkDuPwNcq\nLNYk2kLuKlQXm4Ds5216JkhWrCMahVoAlEkIj9mnt9fBVVIZzX5JCD25brFpYlhp\n262YdloLul133l5nT1QKVuuDuap73ro6l1AsFnYxgU99eMVJVnggbTNDfxQnfTBW\nLcBbKAzXjRCQxof/cZvC4BpTz9GbkchJEZ8xZKTNp/RescEyeenCs4I4KSnRl7ig\naVayuSNxuBEYh2NE5LvSo93GrVFlDc+HuUgcnavmvUKViYrXJ4FQrqmA0G8y2xUk\n8vHcd8sg41oet1u95doyKlNEF9/RWnLF5Nqe8+icnTR///Ki0UOU048wwqpcbCQN\nuwaHt4EuR/ajnV86e53WAx+m3PMEvffk+5M4cpq4tFvP7mtHfv+jogpBQERw8utm\nnik21z9lFxcU6ALqbDq3grcwCwKJCDcVD+ANROoJ++/MlOEpAQKCAQEA1Ymvjs3Z\nROmLJAN8j9mVAlPs/y8pqs+Oe7zQDllZl1M7QedqLo8ojjXV3oqZzVIT17QTQ3dL\ncPBFQeGcnu2N55burjjBG6OuW1Ay4XI5t1FleqpRuuccrS9zSn+/4sKm0JCrh6QA\n34U0Q0iU8N4bgM6wXuaX62chIadPO4dpB2TGePh71N7n2lhj3PwgXyGcogTbPlRm\n/UlCtOK0+EilFiJwFBKO3Bb2AbSs7O19w9Fwk0OkdLlbl1FN+LovlxvYTNcGeEbL\neUTD3E+Km8EpEt8P0kPEzBwnJK5L0CMROfVhF9H1Ziu4vf11YRlOx5JOfFtELDxh\n4ewZpvLtmTC5lQKCAQEAwam3W45jtCyALrXkG/cv4IelhRIGj4h5x/KxCzVY76+5\nA/gtAdFjZKMVIHEWBajWwqx9V1nud3nmQiBSBJFqchW5tk3Ojt7/ZM0WKr+sPXSh\nNf3Ag1Kz0ZfZ8kv9Lqdlox6694IaN/tcrQUvJlW/Mbugl43r/WyYe6gi/sIMVuME\nROBWyCF5QVUw9wkgx3JghkF0Yl5Xg6gWLW6JXhxRbIPq2lpMO3Usb/tYycR9bHpP\nEg9fttu1jo5IFU7FH0YcsyBNa8ObA3lU3ktDywlbTEYd5tzEFLstoaziVquYsFGR\nhEQb2g46qhIGEJOEEd8zivKoexH1PbRL0xkN+AZ68QKCAQABbwM2ujsTM14zx7I2\nZQeTFG0q6W4mL26Ndh8PeZoYYf6r2pnj5iInkkT1UYjmz/5CHHtkoJBpGbPdVV5v\n0rh5LZI8qTTisp6hDlDJIrMwf+Nmh241CwguQXtMrL7lDtl/3PjJ2FgJKCPJr9sQ\nIu2cV8bnXDT456BZUX4+sBIMcqjCdyidrUFxPdatzSOKf/dFPzMZoAdw++Tuwfbl\nE9fH5kNKXzWGVMEiEcx3asDFZ8qRsoqQHg53XZxgZx+arB0vpuHsPM1w6v1FpWMQ\n2KMl9Ult5/aSSD4bCPCJXTLoaLVWK5qyLOj4nZMEK99Th6/vNc2nXmBp2+PwMwFV\nXfZhAoIBAChuOBtjJKmOyMv3qUG1X0duyj13v+rjQRlfL1r5rjGL7AJKI4tHnYp7\nCYQWV9SipQNLY3eDDOfgiROxD65odWKP6o+GuuLU51iyADi4f0rtOGK/MRu5flT5\ncMTG3HqK9AsT9VCK1tJtJbHxbSCBskK9uw8oz+W+cC8QsQ2ikVTqXA/NDhEF+/yJ\nvok0XKWG2WPt8lA/BeI0izy84OzG2LDg8XzYcSXQlpBiVuz4mn61IiDRGNhiEgtK\n5P2dzkVzK7axvbgLxCb7g55M9EBFGcxYrxFtcXoqgaJJJ4+Uj3Hv9YM5fN8PLWwo\nCyAWy/G3OVl+w3G+FAbnxxSxHFt1buECggEBAIkBcgcTi4SthqdEiyOlaF9wmbMk\ntJDy8bgqJHE2Hp8jGE/EP+LvkU9AAsPavQ9Axt0wdOv2oU46BIriulPk1qlG9OQ0\nTaOoKe+OEUzLqL+yJcsWSi+1P+x5XWUkP0WpAPPt4d/2Qv2zhjGd6oY7U4HGdE1L\nQkKuaBQDEyL8zWxRzvdSTxmgb6SKd6vGtPBx9yZlyyBrsutRzCq4b5wzAH4wVM/H\nz8BK46wnzfB1b2iSLMaXFOR6E1CRNwK/hGewh/xilxq3unLG08LofE8sMaHYBUbr\n6t+roGJ393D0PP0ef2ngPXncaZIwvv70gsNVmalUGSLA8+U9OXuCNIf3yY8=\n-----END RSA PRIVATE KEY-----\n",
            "private_key_pem_pkcs8": "-----BEGIN PRIVATE KEY-----\nMIIJQgIBADANBgkqhkiG9w0BAQEFAASCCSwwggkoAgEAAoICAQChil4xWay4NhT/\n9adS7cZwl2K/kVdnpOIUrGG546uN6Ws6d2ZtF1GN18fnx7CBG5HpkdxRv7/AhLKM\nGxoyaHol19KOPpvzc8xhvXJkWGCfgnzDidfy6Bo6JqF1F/ELL2PzkoMR/pP3EZxa\nIIEsLeSRJc0xuck1Z4BaYm/OCg9YLzU+hUJTdiHEjCe+gygt7L4oG03DWp0/tdMV\nmikU0Eqe6TPtbMC4Bvtsx+I7oAq1g6GSIP8VXhFaERpUrKb6oTdA1K50Lsy5LFMS\nASqjUk6Y4z2N9J9gx4BfXlMPL22wsiMabVnFseIhRSDz6/88LqJgi/Lh51oaE2vI\ngqG71OZZe7FL8Opxpqu7y/9NWWnP3KNP48sJahuW9nl0Fo1Laeh5wvdc9RfluBHR\n89Bp7NPpfPC7fQ/oojAGvtGuq2Z8VZ4Ra1wo9qxElMt4U3JBw73eJstzc2AKe4Dj\nI4w4YCj88eOb5LtMj8YYmnUo6aLLt0aPV5mC+WktGi4rnPx0pRscvQ0Lwy2NMPyL\nnga/pPuyUcqokzQ4spJA/gYMDOJ1Pp/u10C3HuGpmLAu+3PJRkkNUqbpC0MiW85H\nVlhNr7wrR7Lg4++2tX+ykTcYC4FtQuWNiS+PpZUj/tC7+jbN8zv5fK5ksTsBjOIC\nBJWBv+zXb/hL88Ywmg+6ULEsIM23RQIDAQABAoICABb7hKMoyvX6W8p+vKuDwLPM\nFfSDTRgl0TR3wf+ccI/kIalTy3LB2ox/oqVLN8Vmkr/UTLAkw7c0KeLdCEEbtCUm\nK4KpTa65Tt6pAVldaYHIIs//EIYyl2imjloGafjZaTMCKTuqKIsCKmh4L2iFrvsn\nkaX9dK7wZsZ1Msrxi3VUYhLfCqytJei8t/rW1iSShgtWtx2QCsdBqyJrqGSZrcQm\nEYk568FC3QqA9aLeBigE7jvIDgKQO4/A1yos1iTaQu4qVBebgOznbXomSFasIxqF\nWgCUSQiP2ae318FVUhnNfkkIPblusWliWGnbrZh2Wgu6XXfeXmdPVApW64O5qnve\nujqXUCwWdjGBT314xUlWeCBtM0N/FCd9MFYtwFsoDNeNEJDGh/9xm8LgGlPP0ZuR\nyEkRnzFkpM2n9F6xwTJ56cKzgjgpKdGXuKBpVrK5I3G4ERiHY0Tku9Kj3catUWUN\nz4e5SBydq+a9QpWJitcngVCuqYDQbzLbFSTy8dx3yyDjWh63W73l2jIqU0QX39Fa\ncsXk2p7z6JydNH//8qLRQ5TTjzDCqlxsJA27Boe3gS5H9qOdXzp7ndYDH6bc8wS9\n9+T7kzhymri0W8/ua0d+/6OiCkFARHDy62aeKTbXP2UXFxToAupsOreCtzALAokI\nNxUP4A1E6gn778yU4SkBAoIBAQDVia+OzdlE6YskA3yP2ZUCU+z/Lymqz457vNAO\nWVmXUztB52oujyiONdXeipnNUhPXtBNDd0tw8EVB4Zye7Y3nlu6uOMEbo65bUDLh\ncjm3UWV6qlG65xytL3NKf7/iwqbQkKuHpADfhTRDSJTw3huAzrBe5pfrZyEhp087\nh2kHZMZ4+HvU3ufaWGPc/CBfIZyiBNs+VGb9SUK04rT4SKUWInAUEo7cFvYBtKzs\n7X3D0XCTQ6R0uVuXUU34ui+XG9hM1wZ4Rst5RMPcT4qbwSkS3w/SQ8TMHCckrkvQ\nIxE59WEX0fVmK7i9/XVhGU7Hkk58W0QsPGHh7Bmm8u2ZMLmVAoIBAQDBqbdbjmO0\nLIAuteQb9y/gh6WFEgaPiHnH8rELNVjvr7kD+C0B0WNkoxUgcRYFqNbCrH1XWe53\neeZCIFIEkWpyFbm2Tc6O3v9kzRYqv6w9dKE1/cCDUrPRl9nyS/0up2WjHrr3gho3\n+1ytBS8mVb8xu6CXjev9bJh7qCL+wgxW4wRE4FbIIXlBVTD3CSDHcmCGQXRiXleD\nqBYtboleHFFsg+raWkw7dSxv+1jJxH1sek8SD1+227WOjkgVTsUfRhyzIE1rw5sD\neVTeS0PLCVtMRh3m3MQUuy2hrOJWq5iwUZGERBvaDjqqEgYQk4QR3zOK8qh7EfU9\ntEvTGQ34BnrxAoIBAAFvAza6OxMzXjPHsjZlB5MUbSrpbiYvbo12Hw95mhhh/qva\nmePmIieSRPVRiObP/kIce2SgkGkZs91VXm/SuHktkjypNOKynqEOUMkiszB/42aH\nbjULCC5Be0ysvuUO2X/c+MnYWAkoI8mv2xAi7ZxXxudcNPjnoFlRfj6wEgxyqMJ3\nKJ2tQXE91q3NI4p/90U/MxmgB3D75O7B9uUT18fmQ0pfNYZUwSIRzHdqwMVnypGy\nipAeDnddnGBnH5qsHS+m4ew8zXDq/UWlYxDYoyX1SW3n9pJIPhsI8IldMuhotVYr\nmrIs6PidkwQr31OHr+81zadeYGnb4/AzAVVd9mECggEAKG44G2MkqY7Iy/epQbVf\nR27KPXe/6uNBGV8vWvmuMYvsAkoji0edinsJhBZX1KKlA0tjd4MM5+CJE7EPrmh1\nYo/qj4a64tTnWLIAOLh/Su04Yr8xG7l+VPlwxMbceor0CxP1UIrW0m0lsfFtIIGy\nQr27DyjP5b5wLxCxDaKRVOpcD80OEQX7/Im+iTRcpYbZY+3yUD8F4jSLPLzg7MbY\nsODxfNhxJdCWkGJW7PiafrUiINEY2GISC0rk/Z3ORXMrtrG9uAvEJvuDnkz0QEUZ\nzFivEW1xeiqBokknj5SPce/1gzl83w8tbCgLIBbL8bc5WX7Dcb4UBufHFLEcW3Vu\n4QKCAQEAiQFyBxOLhK2Gp0SLI6VoX3CZsyS0kPLxuCokcTYenyMYT8Q/4u+RT0AC\nw9q9D0DG3TB06/ahTjoEiuK6U+TWqUb05DRNo6gp744RTMuov7IlyxZKL7U/7Hld\nZSQ/RakA8+3h3/ZC/bOGMZ3qhjtTgcZ0TUtCQq5oFAMTIvzNbFHO91JPGaBvpIp3\nq8a08HH3JmXLIGuy61HMKrhvnDMAfjBUz8fPwErjrCfN8HVvaJIsxpcU5HoTUJE3\nAr+EZ7CH/GKXGre6csbTwuh8TywxodgFRuvq36ugYnf3cPQ8/R5/aeA9edxpkjC+\n/vSCw1WZqVQZIsDz5T05e4I0h/fJjw==\n-----END PRIVATE KEY-----\n",
            "public_key_fingerprint_md5": "9b:0e:f3:77:e3:58:02:76:50:97:f3:fb:7f:b5:73:0c",
            "public_key_fingerprint_sha256": "SHA256:jW4BxnWdZVAEh9KEH9P0GjghXLByw9dipwPqIvKTEGI",
            "public_key_openssh": "ssh-rsa AAAAB3NzaC1yc2EAAAADAQABAAACAQChil4xWay4NhT/9adS7cZwl2K/kVdnpOIUrGG546uN6Ws6d2ZtF1GN18fnx7CBG5HpkdxRv7/AhLKMGxoyaHol19KOPpvzc8xhvXJkWGCfgnzDidfy6Bo6JqF1F/ELL2PzkoMR/pP3EZxaIIEsLeSRJc0xuck1Z4BaYm/OCg9YLzU+hUJTdiHEjCe+gygt7L4oG03DWp0/tdMVmikU0Eqe6TPtbMC4Bvtsx+I7oAq1g6GSIP8VXhFaERpUrKb6oTdA1K50Lsy5LFMSASqjUk6Y4z2N9J9gx4BfXlMPL22wsiMabVnFseIhRSDz6/88LqJgi/Lh51oaE2vIgqG71OZZe7FL8Opxpqu7y/9NWWnP3KNP48sJahuW9nl0Fo1Laeh5wvdc9RfluBHR89Bp7NPpfPC7fQ/oojAGvtGuq2Z8VZ4Ra1wo9qxElMt4U3JBw73eJstzc2AKe4DjI4w4YCj88eOb5LtMj8YYmnUo6aLLt0aPV5mC+WktGi4rnPx0pRscvQ0Lwy2NMPyLnga/pPuyUcqokzQ4spJA/gYMDOJ1Pp/u10C3HuGpmLAu+3PJRkkNUqbpC0MiW85HVlhNr7wrR7Lg4++2tX+ykTcYC4FtQuWNiS+PpZUj/tC7+jbN8zv5fK5ksTsBjOICBJWBv+zXb/hL88Ywmg+6ULEsIM23RQ==\n",
            "public_key_pem": "-----BEGIN PUBLIC KEY-----\nMIICIjANBgkqhkiG9w0BAQEFAAOCAg8AMIICCgKCAgEAoYpeMVmsuDYU//WnUu3G\ncJdiv5FXZ6TiFKxhueOrjelrOndmbRdRjdfH58ewgRuR6ZHcUb+/wISyjBsaMmh6\nJdfSjj6b83PMYb1yZFhgn4J8w4nX8ugaOiahdRfxCy9j85KDEf6T9xGcWiCBLC3k\nkSXNMbnJNWeAWmJvzgoPWC81PoVCU3YhxIwnvoMoLey+KBtNw1qdP7XTFZopFNBK\nnukz7WzAuAb7bMfiO6AKtYOhkiD/FV4RWhEaVKym+qE3QNSudC7MuSxTEgEqo1JO\nmOM9jfSfYMeAX15TDy9tsLIjGm1ZxbHiIUUg8+v/PC6iYIvy4edaGhNryIKhu9Tm\nWXuxS/Dqcaaru8v/TVlpz9yjT+PLCWoblvZ5dBaNS2noecL3XPUX5bgR0fPQaezT\n6Xzwu30P6KIwBr7RrqtmfFWeEWtcKPasRJTLeFNyQcO93ibLc3NgCnuA4yOMOGAo\n/PHjm+S7TI/GGJp1KOmiy7dGj1eZgvlpLRouK5z8dKUbHL0NC8MtjTD8i54Gv6T7\nslHKqJM0OLKSQP4GDAzidT6f7tdAtx7hqZiwLvtzyUZJDVKm6QtDIlvOR1ZYTa+8\nK0ey4OPvtrV/spE3GAuBbULljYkvj6WVI/7Qu/o2zfM7+XyuZLE7AYziAgSVgb/s\n12/4S/PGMJoPulCxLCDNt0UCAwEAAQ==\n-----END PUBLIC KEY-----\n",
            "rsa_bits": 4096
          },
          "sensitive_attributes": [
            [
              {
                "type": "get_attr",
                "value": "private_key_openssh"
              }
            ],
            [
              {
                "type": "get_attr",
                "value": "private_key_pem"
              }
            ],
            [
              {
                "type": "get_attr",
                "value": "private_key_pem_pkcs8"
              }
            ]
          ]
        }
      ]
    }
  ],
  "check_results": null
}
